// !$*UTF8*$!
{
	archiveVersion = 1;
	classes = {
	};
	objectVersion = 48;
	objects = {

/* Begin PBXAggregateTarget section */
		2364CE511FA383EF0076F2B8 /* SwiftLint */ = {
			isa = PBXAggregateTarget;
			buildConfigurationList = 2364CE541FA383F00076F2B8 /* Build configuration list for PBXAggregateTarget "SwiftLint" */;
			buildPhases = (
				2364CE551FA384090076F2B8 /* SwiftLint */,
			);
			dependencies = (
			);
			name = SwiftLint;
			productName = SwiftLint;
		};
		2364CE561FA3843D0076F2B8 /* Cleanup Whitespace */ = {
			isa = PBXAggregateTarget;
			buildConfigurationList = 2364CE571FA3843D0076F2B8 /* Build configuration list for PBXAggregateTarget "Cleanup Whitespace" */;
			buildPhases = (
				2364CE5A1FA384490076F2B8 /* Cleanup Whitespace */,
			);
			dependencies = (
			);
			name = "Cleanup Whitespace";
			productName = "Cleanup Whitespace";
		};
/* End PBXAggregateTarget section */

/* Begin PBXBuildFile section */
		233654371F9E1644007F8D3D /* SampleData.swift in Sources */ = {isa = PBXBuildFile; fileRef = 233654361F9E1644007F8D3D /* SampleData.swift */; };
		233654381F9E1644007F8D3D /* SampleData.swift in Sources */ = {isa = PBXBuildFile; fileRef = 233654361F9E1644007F8D3D /* SampleData.swift */; };
		233654391F9E1644007F8D3D /* SampleData.swift in Sources */ = {isa = PBXBuildFile; fileRef = 233654361F9E1644007F8D3D /* SampleData.swift */; };
		234130651F95FF90002BE7FC /* CoreDataStack.swift in Sources */ = {isa = PBXBuildFile; fileRef = 236351081F95F28C00B3A16A /* CoreDataStack.swift */; };
		234130661F95FF90002BE7FC /* SampleModelVersion.swift in Sources */ = {isa = PBXBuildFile; fileRef = 2363510B1F95F28C00B3A16A /* SampleModelVersion.swift */; };
		234130671F95FF90002BE7FC /* ModelVersionTests.swift in Sources */ = {isa = PBXBuildFile; fileRef = 236351041F95F28B00B3A16A /* ModelVersionTests.swift */; };
		234130681F95FF90002BE7FC /* NSFetchRequestUtilsTests.swift in Sources */ = {isa = PBXBuildFile; fileRef = 236351071F95F28C00B3A16A /* NSFetchRequestUtilsTests.swift */; };
		234130691F95FF90002BE7FC /* NSManagedObjectContextCacheTests.swift in Sources */ = {isa = PBXBuildFile; fileRef = 236351051F95F28C00B3A16A /* NSManagedObjectContextCacheTests.swift */; };
		2341306A1F95FF90002BE7FC /* NSManagedObjectContextUtilsTests.swift in Sources */ = {isa = PBXBuildFile; fileRef = 236351031F95F28B00B3A16A /* NSManagedObjectContextUtilsTests.swift */; };
		2341306B1F95FF90002BE7FC /* NSManagedObjectUtilsTests.swift in Sources */ = {isa = PBXBuildFile; fileRef = 236351061F95F28C00B3A16A /* NSManagedObjectUtilsTests.swift */; };
		2341306C1F95FF91002BE7FC /* CoreDataStack.swift in Sources */ = {isa = PBXBuildFile; fileRef = 236351081F95F28C00B3A16A /* CoreDataStack.swift */; };
		2341306D1F95FF91002BE7FC /* SampleModelVersion.swift in Sources */ = {isa = PBXBuildFile; fileRef = 2363510B1F95F28C00B3A16A /* SampleModelVersion.swift */; };
		2341306E1F95FF91002BE7FC /* ModelVersionTests.swift in Sources */ = {isa = PBXBuildFile; fileRef = 236351041F95F28B00B3A16A /* ModelVersionTests.swift */; };
		2341306F1F95FF91002BE7FC /* NSFetchRequestUtilsTests.swift in Sources */ = {isa = PBXBuildFile; fileRef = 236351071F95F28C00B3A16A /* NSFetchRequestUtilsTests.swift */; };
		234130701F95FF91002BE7FC /* NSManagedObjectContextCacheTests.swift in Sources */ = {isa = PBXBuildFile; fileRef = 236351051F95F28C00B3A16A /* NSManagedObjectContextCacheTests.swift */; };
		234130711F95FF91002BE7FC /* NSManagedObjectContextUtilsTests.swift in Sources */ = {isa = PBXBuildFile; fileRef = 236351031F95F28B00B3A16A /* NSManagedObjectContextUtilsTests.swift */; };
		234130721F95FF91002BE7FC /* NSManagedObjectUtilsTests.swift in Sources */ = {isa = PBXBuildFile; fileRef = 236351061F95F28C00B3A16A /* NSManagedObjectUtilsTests.swift */; };
		234130731F95FF91002BE7FC /* CoreDataStack.swift in Sources */ = {isa = PBXBuildFile; fileRef = 236351081F95F28C00B3A16A /* CoreDataStack.swift */; };
		234130741F95FF91002BE7FC /* SampleModelVersion.swift in Sources */ = {isa = PBXBuildFile; fileRef = 2363510B1F95F28C00B3A16A /* SampleModelVersion.swift */; };
		234130751F95FF91002BE7FC /* ModelVersionTests.swift in Sources */ = {isa = PBXBuildFile; fileRef = 236351041F95F28B00B3A16A /* ModelVersionTests.swift */; };
		234130761F95FF91002BE7FC /* NSFetchRequestUtilsTests.swift in Sources */ = {isa = PBXBuildFile; fileRef = 236351071F95F28C00B3A16A /* NSFetchRequestUtilsTests.swift */; };
		234130771F95FF91002BE7FC /* NSManagedObjectContextCacheTests.swift in Sources */ = {isa = PBXBuildFile; fileRef = 236351051F95F28C00B3A16A /* NSManagedObjectContextCacheTests.swift */; };
		234130781F95FF91002BE7FC /* NSManagedObjectContextUtilsTests.swift in Sources */ = {isa = PBXBuildFile; fileRef = 236351031F95F28B00B3A16A /* NSManagedObjectContextUtilsTests.swift */; };
		234130791F95FF91002BE7FC /* NSManagedObjectUtilsTests.swift in Sources */ = {isa = PBXBuildFile; fileRef = 236351061F95F28C00B3A16A /* NSManagedObjectUtilsTests.swift */; };
		23463B0C1FA67CC200149574 /* NSManagedObject+RemoteDeletable.swift in Sources */ = {isa = PBXBuildFile; fileRef = 23463B0B1FA67CC200149574 /* NSManagedObject+RemoteDeletable.swift */; };
		23463B0D1FA67CC200149574 /* NSManagedObject+RemoteDeletable.swift in Sources */ = {isa = PBXBuildFile; fileRef = 23463B0B1FA67CC200149574 /* NSManagedObject+RemoteDeletable.swift */; };
		23463B0E1FA67CC200149574 /* NSManagedObject+RemoteDeletable.swift in Sources */ = {isa = PBXBuildFile; fileRef = 23463B0B1FA67CC200149574 /* NSManagedObject+RemoteDeletable.swift */; };
		23463B0F1FA67CC200149574 /* NSManagedObject+RemoteDeletable.swift in Sources */ = {isa = PBXBuildFile; fileRef = 23463B0B1FA67CC200149574 /* NSManagedObject+RemoteDeletable.swift */; };
		236350B51F95F0ED00B3A16A /* CoreDataPlus.h in Headers */ = {isa = PBXBuildFile; fileRef = 23B5806D1F94FEDF00A365C0 /* CoreDataPlus.h */; settings = {ATTRIBUTES = (Public, ); }; };
		236350B61F95F0EF00B3A16A /* CoreDataPlus.h in Headers */ = {isa = PBXBuildFile; fileRef = 23B5806D1F94FEDF00A365C0 /* CoreDataPlus.h */; settings = {ATTRIBUTES = (Public, ); }; };
		236350B71F95F0F200B3A16A /* CoreDataPlus.h in Headers */ = {isa = PBXBuildFile; fileRef = 23B5806D1F94FEDF00A365C0 /* CoreDataPlus.h */; settings = {ATTRIBUTES = (Public, ); }; };
		236350B81F95F11C00B3A16A /* NSManagedObjectContext+Utils.swift in Sources */ = {isa = PBXBuildFile; fileRef = 23B5808F1F94FFF700A365C0 /* NSManagedObjectContext+Utils.swift */; };
		236350B91F95F11C00B3A16A /* NSManagedObjectContext+Cache.swift in Sources */ = {isa = PBXBuildFile; fileRef = 23B580901F94FFF700A365C0 /* NSManagedObjectContext+Cache.swift */; };
		236350BA1F95F11C00B3A16A /* NSManagedObject+UpdateTimestampable.swift in Sources */ = {isa = PBXBuildFile; fileRef = 23B5808B1F94FFF600A365C0 /* NSManagedObject+UpdateTimestampable.swift */; };
		236350BB1F95F11C00B3A16A /* NSManagedObject+Utils.swift in Sources */ = {isa = PBXBuildFile; fileRef = 23B5808C1F94FFF600A365C0 /* NSManagedObject+Utils.swift */; };
		236350BC1F95F11C00B3A16A /* NSManagedObject+Deletable.swift in Sources */ = {isa = PBXBuildFile; fileRef = 23B5808D1F94FFF600A365C0 /* NSManagedObject+Deletable.swift */; };
		236350BD1F95F11C00B3A16A /* Collection+CoreData.swift in Sources */ = {isa = PBXBuildFile; fileRef = 23B580921F94FFF700A365C0 /* Collection+CoreData.swift */; };
		236350BF1F95F11C00B3A16A /* ModelVersion.swift in Sources */ = {isa = PBXBuildFile; fileRef = 23B580891F94FFF600A365C0 /* ModelVersion.swift */; };
		236350C01F95F11C00B3A16A /* NSFetchRequest+Utils.swift in Sources */ = {isa = PBXBuildFile; fileRef = 23B580871F94FFF600A365C0 /* NSFetchRequest+Utils.swift */; };
		236350C11F95F11C00B3A16A /* NSFetchRequestResult+CoreData.swift in Sources */ = {isa = PBXBuildFile; fileRef = 23B580881F94FFF600A365C0 /* NSFetchRequestResult+CoreData.swift */; };
		236350C21F95F11C00B3A16A /* CoreDataPlus.swift in Sources */ = {isa = PBXBuildFile; fileRef = 23B5809D1F95006200A365C0 /* CoreDataPlus.swift */; };
		236350C31F95F11C00B3A16A /* NSManagedObjectContext+Utils.swift in Sources */ = {isa = PBXBuildFile; fileRef = 23B5808F1F94FFF700A365C0 /* NSManagedObjectContext+Utils.swift */; };
		236350C41F95F11C00B3A16A /* NSManagedObjectContext+Cache.swift in Sources */ = {isa = PBXBuildFile; fileRef = 23B580901F94FFF700A365C0 /* NSManagedObjectContext+Cache.swift */; };
		236350C51F95F11C00B3A16A /* NSManagedObject+UpdateTimestampable.swift in Sources */ = {isa = PBXBuildFile; fileRef = 23B5808B1F94FFF600A365C0 /* NSManagedObject+UpdateTimestampable.swift */; };
		236350C61F95F11C00B3A16A /* NSManagedObject+Utils.swift in Sources */ = {isa = PBXBuildFile; fileRef = 23B5808C1F94FFF600A365C0 /* NSManagedObject+Utils.swift */; };
		236350C71F95F11C00B3A16A /* NSManagedObject+Deletable.swift in Sources */ = {isa = PBXBuildFile; fileRef = 23B5808D1F94FFF600A365C0 /* NSManagedObject+Deletable.swift */; };
		236350C81F95F11C00B3A16A /* Collection+CoreData.swift in Sources */ = {isa = PBXBuildFile; fileRef = 23B580921F94FFF700A365C0 /* Collection+CoreData.swift */; };
		236350CA1F95F11C00B3A16A /* ModelVersion.swift in Sources */ = {isa = PBXBuildFile; fileRef = 23B580891F94FFF600A365C0 /* ModelVersion.swift */; };
		236350CB1F95F11C00B3A16A /* NSFetchRequest+Utils.swift in Sources */ = {isa = PBXBuildFile; fileRef = 23B580871F94FFF600A365C0 /* NSFetchRequest+Utils.swift */; };
		236350CC1F95F11C00B3A16A /* NSFetchRequestResult+CoreData.swift in Sources */ = {isa = PBXBuildFile; fileRef = 23B580881F94FFF600A365C0 /* NSFetchRequestResult+CoreData.swift */; };
		236350CD1F95F11C00B3A16A /* CoreDataPlus.swift in Sources */ = {isa = PBXBuildFile; fileRef = 23B5809D1F95006200A365C0 /* CoreDataPlus.swift */; };
		236350CE1F95F11D00B3A16A /* NSManagedObjectContext+Utils.swift in Sources */ = {isa = PBXBuildFile; fileRef = 23B5808F1F94FFF700A365C0 /* NSManagedObjectContext+Utils.swift */; };
		236350CF1F95F11D00B3A16A /* NSManagedObjectContext+Cache.swift in Sources */ = {isa = PBXBuildFile; fileRef = 23B580901F94FFF700A365C0 /* NSManagedObjectContext+Cache.swift */; };
		236350D01F95F11D00B3A16A /* NSManagedObject+UpdateTimestampable.swift in Sources */ = {isa = PBXBuildFile; fileRef = 23B5808B1F94FFF600A365C0 /* NSManagedObject+UpdateTimestampable.swift */; };
		236350D11F95F11D00B3A16A /* NSManagedObject+Utils.swift in Sources */ = {isa = PBXBuildFile; fileRef = 23B5808C1F94FFF600A365C0 /* NSManagedObject+Utils.swift */; };
		236350D21F95F11D00B3A16A /* NSManagedObject+Deletable.swift in Sources */ = {isa = PBXBuildFile; fileRef = 23B5808D1F94FFF600A365C0 /* NSManagedObject+Deletable.swift */; };
		236350D31F95F11D00B3A16A /* Collection+CoreData.swift in Sources */ = {isa = PBXBuildFile; fileRef = 23B580921F94FFF700A365C0 /* Collection+CoreData.swift */; };
		236350D51F95F11D00B3A16A /* ModelVersion.swift in Sources */ = {isa = PBXBuildFile; fileRef = 23B580891F94FFF600A365C0 /* ModelVersion.swift */; };
		236350D61F95F11D00B3A16A /* NSFetchRequest+Utils.swift in Sources */ = {isa = PBXBuildFile; fileRef = 23B580871F94FFF600A365C0 /* NSFetchRequest+Utils.swift */; };
		236350D71F95F11D00B3A16A /* NSFetchRequestResult+CoreData.swift in Sources */ = {isa = PBXBuildFile; fileRef = 23B580881F94FFF600A365C0 /* NSFetchRequestResult+CoreData.swift */; };
		236350D81F95F11D00B3A16A /* CoreDataPlus.swift in Sources */ = {isa = PBXBuildFile; fileRef = 23B5809D1F95006200A365C0 /* CoreDataPlus.swift */; };
		237EF68C1FA4851800B54A7A /* ProcessInfo+Utils.swift in Sources */ = {isa = PBXBuildFile; fileRef = 237EF68B1FA4851800B54A7A /* ProcessInfo+Utils.swift */; };
		237EF68D1FA4851800B54A7A /* ProcessInfo+Utils.swift in Sources */ = {isa = PBXBuildFile; fileRef = 237EF68B1FA4851800B54A7A /* ProcessInfo+Utils.swift */; };
		237EF68E1FA4851800B54A7A /* ProcessInfo+Utils.swift in Sources */ = {isa = PBXBuildFile; fileRef = 237EF68B1FA4851800B54A7A /* ProcessInfo+Utils.swift */; };
		237EF68F1FA4851800B54A7A /* ProcessInfo+Utils.swift in Sources */ = {isa = PBXBuildFile; fileRef = 237EF68B1FA4851800B54A7A /* ProcessInfo+Utils.swift */; };
		23948D151F99332A00B3738D /* NSEntityDescription+Utils.swift in Sources */ = {isa = PBXBuildFile; fileRef = 23948D141F99332A00B3738D /* NSEntityDescription+Utils.swift */; };
		23948D161F99332A00B3738D /* NSEntityDescription+Utils.swift in Sources */ = {isa = PBXBuildFile; fileRef = 23948D141F99332A00B3738D /* NSEntityDescription+Utils.swift */; };
		23948D171F99332A00B3738D /* NSEntityDescription+Utils.swift in Sources */ = {isa = PBXBuildFile; fileRef = 23948D141F99332A00B3738D /* NSEntityDescription+Utils.swift */; };
		23948D181F99332A00B3738D /* NSEntityDescription+Utils.swift in Sources */ = {isa = PBXBuildFile; fileRef = 23948D141F99332A00B3738D /* NSEntityDescription+Utils.swift */; };
		23948D1F1F9934F800B3738D /* NSEntityDescriptionUtilsTests.swift in Sources */ = {isa = PBXBuildFile; fileRef = 23948D1E1F9934F800B3738D /* NSEntityDescriptionUtilsTests.swift */; };
		23948D201F9934F800B3738D /* NSEntityDescriptionUtilsTests.swift in Sources */ = {isa = PBXBuildFile; fileRef = 23948D1E1F9934F800B3738D /* NSEntityDescriptionUtilsTests.swift */; };
		23948D211F9934F800B3738D /* NSEntityDescriptionUtilsTests.swift in Sources */ = {isa = PBXBuildFile; fileRef = 23948D1E1F9934F800B3738D /* NSEntityDescriptionUtilsTests.swift */; };
		23A8A44D1F9F536D0038DE3A /* NSFetchRequestResultCoreDataTests.swift in Sources */ = {isa = PBXBuildFile; fileRef = 23A8A44C1F9F536D0038DE3A /* NSFetchRequestResultCoreDataTests.swift */; };
		23A8A44E1F9F536D0038DE3A /* NSFetchRequestResultCoreDataTests.swift in Sources */ = {isa = PBXBuildFile; fileRef = 23A8A44C1F9F536D0038DE3A /* NSFetchRequestResultCoreDataTests.swift */; };
		23A8A44F1F9F536D0038DE3A /* NSFetchRequestResultCoreDataTests.swift in Sources */ = {isa = PBXBuildFile; fileRef = 23A8A44C1F9F536D0038DE3A /* NSFetchRequestResultCoreDataTests.swift */; };
		23A8A4511F9F89670038DE3A /* CoreDataPlusError.swift in Sources */ = {isa = PBXBuildFile; fileRef = 23A8A4501F9F89670038DE3A /* CoreDataPlusError.swift */; };
		23A8A4521F9F89670038DE3A /* CoreDataPlusError.swift in Sources */ = {isa = PBXBuildFile; fileRef = 23A8A4501F9F89670038DE3A /* CoreDataPlusError.swift */; };
		23A8A4531F9F89670038DE3A /* CoreDataPlusError.swift in Sources */ = {isa = PBXBuildFile; fileRef = 23A8A4501F9F89670038DE3A /* CoreDataPlusError.swift */; };
		23A8A4541F9F89670038DE3A /* CoreDataPlusError.swift in Sources */ = {isa = PBXBuildFile; fileRef = 23A8A4501F9F89670038DE3A /* CoreDataPlusError.swift */; };
		23B5807B1F94FEDF00A365C0 /* CoreDataPlus.h in Headers */ = {isa = PBXBuildFile; fileRef = 23B5806D1F94FEDF00A365C0 /* CoreDataPlus.h */; settings = {ATTRIBUTES = (Public, ); }; };
		23B580931F94FFF700A365C0 /* NSFetchRequest+Utils.swift in Sources */ = {isa = PBXBuildFile; fileRef = 23B580871F94FFF600A365C0 /* NSFetchRequest+Utils.swift */; };
		23B580941F94FFF700A365C0 /* NSFetchRequestResult+CoreData.swift in Sources */ = {isa = PBXBuildFile; fileRef = 23B580881F94FFF600A365C0 /* NSFetchRequestResult+CoreData.swift */; };
		23B580951F94FFF700A365C0 /* ModelVersion.swift in Sources */ = {isa = PBXBuildFile; fileRef = 23B580891F94FFF600A365C0 /* ModelVersion.swift */; };
		23B580961F94FFF700A365C0 /* NSManagedObject+UpdateTimestampable.swift in Sources */ = {isa = PBXBuildFile; fileRef = 23B5808B1F94FFF600A365C0 /* NSManagedObject+UpdateTimestampable.swift */; };
		23B580971F94FFF700A365C0 /* NSManagedObject+Utils.swift in Sources */ = {isa = PBXBuildFile; fileRef = 23B5808C1F94FFF600A365C0 /* NSManagedObject+Utils.swift */; };
		23B580981F94FFF700A365C0 /* NSManagedObject+Deletable.swift in Sources */ = {isa = PBXBuildFile; fileRef = 23B5808D1F94FFF600A365C0 /* NSManagedObject+Deletable.swift */; };
		23B580991F94FFF700A365C0 /* NSManagedObjectContext+Utils.swift in Sources */ = {isa = PBXBuildFile; fileRef = 23B5808F1F94FFF700A365C0 /* NSManagedObjectContext+Utils.swift */; };
		23B5809A1F94FFF700A365C0 /* NSManagedObjectContext+Cache.swift in Sources */ = {isa = PBXBuildFile; fileRef = 23B580901F94FFF700A365C0 /* NSManagedObjectContext+Cache.swift */; };
		23B5809C1F94FFF700A365C0 /* Collection+CoreData.swift in Sources */ = {isa = PBXBuildFile; fileRef = 23B580921F94FFF700A365C0 /* Collection+CoreData.swift */; };
		23B5809E1F95006200A365C0 /* CoreDataPlus.swift in Sources */ = {isa = PBXBuildFile; fileRef = 23B5809D1F95006200A365C0 /* CoreDataPlus.swift */; };
		23DAFA2A1F964DBB0058654B /* NSFetchRequestResultUtilsTests.swift in Sources */ = {isa = PBXBuildFile; fileRef = 23DAFA291F964DBB0058654B /* NSFetchRequestResultUtilsTests.swift */; };
		23DAFA2B1F964DBB0058654B /* NSFetchRequestResultUtilsTests.swift in Sources */ = {isa = PBXBuildFile; fileRef = 23DAFA291F964DBB0058654B /* NSFetchRequestResultUtilsTests.swift */; };
		23DAFA2C1F964DBB0058654B /* NSFetchRequestResultUtilsTests.swift in Sources */ = {isa = PBXBuildFile; fileRef = 23DAFA291F964DBB0058654B /* NSFetchRequestResultUtilsTests.swift */; };
		23EEF5451F962E5700A2E72F /* Car.swift in Sources */ = {isa = PBXBuildFile; fileRef = 23EEF5441F962E5700A2E72F /* Car.swift */; };
		23EEF5461F962E5700A2E72F /* Car.swift in Sources */ = {isa = PBXBuildFile; fileRef = 23EEF5441F962E5700A2E72F /* Car.swift */; };
		23EEF5471F962E5700A2E72F /* Car.swift in Sources */ = {isa = PBXBuildFile; fileRef = 23EEF5441F962E5700A2E72F /* Car.swift */; };
		23EEF5491F962E6A00A2E72F /* Person.swift in Sources */ = {isa = PBXBuildFile; fileRef = 23EEF5481F962E6A00A2E72F /* Person.swift */; };
		23EEF54A1F962E6A00A2E72F /* Person.swift in Sources */ = {isa = PBXBuildFile; fileRef = 23EEF5481F962E6A00A2E72F /* Person.swift */; };
		23EEF54B1F962E6A00A2E72F /* Person.swift in Sources */ = {isa = PBXBuildFile; fileRef = 23EEF5481F962E6A00A2E72F /* Person.swift */; };
		23EFDE921F95FE730038BE75 /* CoreDataPlus.framework in Frameworks */ = {isa = PBXBuildFile; fileRef = 23B5806A1F94FEDF00A365C0 /* CoreDataPlus.framework */; };
		23EFDEA11F95FE990038BE75 /* CoreDataPlus.framework in Frameworks */ = {isa = PBXBuildFile; fileRef = 236350811F95EC3000B3A16A /* CoreDataPlus.framework */; };
		23EFDEB01F95FEB50038BE75 /* CoreDataPlus.framework in Frameworks */ = {isa = PBXBuildFile; fileRef = 2363509D1F95EC5600B3A16A /* CoreDataPlus.framework */; };
		23F8E9E01F965B2000C65565 /* SampleModel.xcdatamodeld in Sources */ = {isa = PBXBuildFile; fileRef = 23DAFA231F9641BD0058654B /* SampleModel.xcdatamodeld */; };
		23F8E9E11F965B2100C65565 /* SampleModel.xcdatamodeld in Sources */ = {isa = PBXBuildFile; fileRef = 23DAFA231F9641BD0058654B /* SampleModel.xcdatamodeld */; };
		23F8E9E21F965B2200C65565 /* SampleModel.xcdatamodeld in Sources */ = {isa = PBXBuildFile; fileRef = 23DAFA231F9641BD0058654B /* SampleModel.xcdatamodeld */; };
/* End PBXBuildFile section */

/* Begin PBXContainerItemProxy section */
		23EFDE931F95FE730038BE75 /* PBXContainerItemProxy */ = {
			isa = PBXContainerItemProxy;
			containerPortal = 23B580611F94FEDF00A365C0 /* Project object */;
			proxyType = 1;
			remoteGlobalIDString = 23B580691F94FEDF00A365C0;
			remoteInfo = "CoreDataPlus iOS";
		};
		23EFDEA21F95FE990038BE75 /* PBXContainerItemProxy */ = {
			isa = PBXContainerItemProxy;
			containerPortal = 23B580611F94FEDF00A365C0 /* Project object */;
			proxyType = 1;
			remoteGlobalIDString = 236350801F95EC3000B3A16A;
			remoteInfo = "CoreDataPlus tvOS";
		};
		23EFDEB11F95FEB50038BE75 /* PBXContainerItemProxy */ = {
			isa = PBXContainerItemProxy;
			containerPortal = 23B580611F94FEDF00A365C0 /* Project object */;
			proxyType = 1;
			remoteGlobalIDString = 2363509C1F95EC5600B3A16A;
			remoteInfo = "CoreDataPlus macOS";
		};
/* End PBXContainerItemProxy section */

/* Begin PBXFileReference section */
		233654361F9E1644007F8D3D /* SampleData.swift */ = {isa = PBXFileReference; lastKnownFileType = sourcecode.swift; path = SampleData.swift; sourceTree = "<group>"; };
		23463B0B1FA67CC200149574 /* NSManagedObject+RemoteDeletable.swift */ = {isa = PBXFileReference; lastKnownFileType = sourcecode.swift; path = "NSManagedObject+RemoteDeletable.swift"; sourceTree = "<group>"; };
		236350741F95EC1A00B3A16A /* CoreDataPlus.framework */ = {isa = PBXFileReference; explicitFileType = wrapper.framework; includeInIndex = 0; path = CoreDataPlus.framework; sourceTree = BUILT_PRODUCTS_DIR; };
		236350811F95EC3000B3A16A /* CoreDataPlus.framework */ = {isa = PBXFileReference; explicitFileType = wrapper.framework; includeInIndex = 0; path = CoreDataPlus.framework; sourceTree = BUILT_PRODUCTS_DIR; };
		236350841F95EC3000B3A16A /* Info-tvOS.plist */ = {isa = PBXFileReference; lastKnownFileType = text.plist.xml; path = "Info-tvOS.plist"; sourceTree = "<group>"; };
		2363509D1F95EC5600B3A16A /* CoreDataPlus.framework */ = {isa = PBXFileReference; explicitFileType = wrapper.framework; includeInIndex = 0; path = CoreDataPlus.framework; sourceTree = BUILT_PRODUCTS_DIR; };
		236350E11F95F1A900B3A16A /* Info-Tests.plist */ = {isa = PBXFileReference; lastKnownFileType = text.plist.xml; path = "Info-Tests.plist"; sourceTree = "<group>"; };
		236351031F95F28B00B3A16A /* NSManagedObjectContextUtilsTests.swift */ = {isa = PBXFileReference; fileEncoding = 4; lastKnownFileType = sourcecode.swift; path = NSManagedObjectContextUtilsTests.swift; sourceTree = "<group>"; };
		236351041F95F28B00B3A16A /* ModelVersionTests.swift */ = {isa = PBXFileReference; fileEncoding = 4; lastKnownFileType = sourcecode.swift; path = ModelVersionTests.swift; sourceTree = "<group>"; };
		236351051F95F28C00B3A16A /* NSManagedObjectContextCacheTests.swift */ = {isa = PBXFileReference; fileEncoding = 4; lastKnownFileType = sourcecode.swift; path = NSManagedObjectContextCacheTests.swift; sourceTree = "<group>"; };
		236351061F95F28C00B3A16A /* NSManagedObjectUtilsTests.swift */ = {isa = PBXFileReference; fileEncoding = 4; lastKnownFileType = sourcecode.swift; path = NSManagedObjectUtilsTests.swift; sourceTree = "<group>"; };
		236351071F95F28C00B3A16A /* NSFetchRequestUtilsTests.swift */ = {isa = PBXFileReference; fileEncoding = 4; lastKnownFileType = sourcecode.swift; path = NSFetchRequestUtilsTests.swift; sourceTree = "<group>"; };
		236351081F95F28C00B3A16A /* CoreDataStack.swift */ = {isa = PBXFileReference; fileEncoding = 4; lastKnownFileType = sourcecode.swift; path = CoreDataStack.swift; sourceTree = "<group>"; };
		2363510B1F95F28C00B3A16A /* SampleModelVersion.swift */ = {isa = PBXFileReference; fileEncoding = 4; lastKnownFileType = sourcecode.swift; path = SampleModelVersion.swift; sourceTree = "<group>"; };
		236351241F95F53900B3A16A /* IDETemplateMacros.plist */ = {isa = PBXFileReference; lastKnownFileType = text.plist.xml; name = IDETemplateMacros.plist; path = CoreDataPlus.xcodeproj/xcshareddata/IDETemplateMacros.plist; sourceTree = SOURCE_ROOT; };
		237EF68B1FA4851800B54A7A /* ProcessInfo+Utils.swift */ = {isa = PBXFileReference; lastKnownFileType = sourcecode.swift; path = "ProcessInfo+Utils.swift"; sourceTree = "<group>"; };
		23948D141F99332A00B3738D /* NSEntityDescription+Utils.swift */ = {isa = PBXFileReference; lastKnownFileType = sourcecode.swift; path = "NSEntityDescription+Utils.swift"; sourceTree = "<group>"; };
		23948D1E1F9934F800B3738D /* NSEntityDescriptionUtilsTests.swift */ = {isa = PBXFileReference; lastKnownFileType = sourcecode.swift; path = NSEntityDescriptionUtilsTests.swift; sourceTree = "<group>"; };
		23A8A44C1F9F536D0038DE3A /* NSFetchRequestResultCoreDataTests.swift */ = {isa = PBXFileReference; lastKnownFileType = sourcecode.swift; path = NSFetchRequestResultCoreDataTests.swift; sourceTree = "<group>"; };
		23A8A4501F9F89670038DE3A /* CoreDataPlusError.swift */ = {isa = PBXFileReference; lastKnownFileType = sourcecode.swift; path = CoreDataPlusError.swift; sourceTree = "<group>"; };
		23B5806A1F94FEDF00A365C0 /* CoreDataPlus.framework */ = {isa = PBXFileReference; explicitFileType = wrapper.framework; includeInIndex = 0; path = CoreDataPlus.framework; sourceTree = BUILT_PRODUCTS_DIR; };
		23B5806D1F94FEDF00A365C0 /* CoreDataPlus.h */ = {isa = PBXFileReference; lastKnownFileType = sourcecode.c.h; path = CoreDataPlus.h; sourceTree = "<group>"; };
		23B5806E1F94FEDF00A365C0 /* Info.plist */ = {isa = PBXFileReference; lastKnownFileType = text.plist.xml; path = Info.plist; sourceTree = "<group>"; };
		23B580871F94FFF600A365C0 /* NSFetchRequest+Utils.swift */ = {isa = PBXFileReference; fileEncoding = 4; lastKnownFileType = sourcecode.swift; path = "NSFetchRequest+Utils.swift"; sourceTree = "<group>"; };
		23B580881F94FFF600A365C0 /* NSFetchRequestResult+CoreData.swift */ = {isa = PBXFileReference; fileEncoding = 4; lastKnownFileType = sourcecode.swift; path = "NSFetchRequestResult+CoreData.swift"; sourceTree = "<group>"; };
		23B580891F94FFF600A365C0 /* ModelVersion.swift */ = {isa = PBXFileReference; fileEncoding = 4; lastKnownFileType = sourcecode.swift; path = ModelVersion.swift; sourceTree = "<group>"; };
		23B5808B1F94FFF600A365C0 /* NSManagedObject+UpdateTimestampable.swift */ = {isa = PBXFileReference; fileEncoding = 4; lastKnownFileType = sourcecode.swift; path = "NSManagedObject+UpdateTimestampable.swift"; sourceTree = "<group>"; };
		23B5808C1F94FFF600A365C0 /* NSManagedObject+Utils.swift */ = {isa = PBXFileReference; fileEncoding = 4; lastKnownFileType = sourcecode.swift; path = "NSManagedObject+Utils.swift"; sourceTree = "<group>"; };
		23B5808D1F94FFF600A365C0 /* NSManagedObject+Deletable.swift */ = {isa = PBXFileReference; fileEncoding = 4; lastKnownFileType = sourcecode.swift; path = "NSManagedObject+Deletable.swift"; sourceTree = "<group>"; };
		23B5808F1F94FFF700A365C0 /* NSManagedObjectContext+Utils.swift */ = {isa = PBXFileReference; fileEncoding = 4; lastKnownFileType = sourcecode.swift; path = "NSManagedObjectContext+Utils.swift"; sourceTree = "<group>"; };
		23B580901F94FFF700A365C0 /* NSManagedObjectContext+Cache.swift */ = {isa = PBXFileReference; fileEncoding = 4; lastKnownFileType = sourcecode.swift; path = "NSManagedObjectContext+Cache.swift"; sourceTree = "<group>"; };
		23B580921F94FFF700A365C0 /* Collection+CoreData.swift */ = {isa = PBXFileReference; fileEncoding = 4; lastKnownFileType = sourcecode.swift; path = "Collection+CoreData.swift"; sourceTree = "<group>"; };
		23B5809D1F95006200A365C0 /* CoreDataPlus.swift */ = {isa = PBXFileReference; lastKnownFileType = sourcecode.swift; path = CoreDataPlus.swift; sourceTree = "<group>"; };
		23BAC1181FA7A7D8002EE4F1 /* Package.swift */ = {isa = PBXFileReference; lastKnownFileType = sourcecode.swift; path = Package.swift; sourceTree = SOURCE_ROOT; };
		23DAFA241F9641BD0058654B /* SampleModel.xcdatamodel */ = {isa = PBXFileReference; lastKnownFileType = wrapper.xcdatamodel; path = SampleModel.xcdatamodel; sourceTree = "<group>"; };
		23DAFA291F964DBB0058654B /* NSFetchRequestResultUtilsTests.swift */ = {isa = PBXFileReference; lastKnownFileType = sourcecode.swift; path = NSFetchRequestResultUtilsTests.swift; sourceTree = "<group>"; };
		23EEF5441F962E5700A2E72F /* Car.swift */ = {isa = PBXFileReference; lastKnownFileType = sourcecode.swift; path = Car.swift; sourceTree = "<group>"; };
		23EEF5481F962E6A00A2E72F /* Person.swift */ = {isa = PBXFileReference; lastKnownFileType = sourcecode.swift; path = Person.swift; sourceTree = "<group>"; };
		23EFDE8D1F95FE730038BE75 /* CoreDataPlus Tests iOS.xctest */ = {isa = PBXFileReference; explicitFileType = wrapper.cfbundle; includeInIndex = 0; path = "CoreDataPlus Tests iOS.xctest"; sourceTree = BUILT_PRODUCTS_DIR; };
		23EFDE9C1F95FE990038BE75 /* CoreDataPlus Tests tvOS.xctest */ = {isa = PBXFileReference; explicitFileType = wrapper.cfbundle; includeInIndex = 0; path = "CoreDataPlus Tests tvOS.xctest"; sourceTree = BUILT_PRODUCTS_DIR; };
		23EFDEAB1F95FEB40038BE75 /* CoreDataPlus Tests macOS.xctest */ = {isa = PBXFileReference; explicitFileType = wrapper.cfbundle; includeInIndex = 0; path = "CoreDataPlus Tests macOS.xctest"; sourceTree = BUILT_PRODUCTS_DIR; };
/* End PBXFileReference section */

/* Begin PBXFrameworksBuildPhase section */
		236350701F95EC1A00B3A16A /* Frameworks */ = {
			isa = PBXFrameworksBuildPhase;
			buildActionMask = 2147483647;
			files = (
			);
			runOnlyForDeploymentPostprocessing = 0;
		};
		2363507D1F95EC3000B3A16A /* Frameworks */ = {
			isa = PBXFrameworksBuildPhase;
			buildActionMask = 2147483647;
			files = (
			);
			runOnlyForDeploymentPostprocessing = 0;
		};
		236350991F95EC5600B3A16A /* Frameworks */ = {
			isa = PBXFrameworksBuildPhase;
			buildActionMask = 2147483647;
			files = (
			);
			runOnlyForDeploymentPostprocessing = 0;
		};
		23B580661F94FEDF00A365C0 /* Frameworks */ = {
			isa = PBXFrameworksBuildPhase;
			buildActionMask = 2147483647;
			files = (
			);
			runOnlyForDeploymentPostprocessing = 0;
		};
		23EFDE8A1F95FE730038BE75 /* Frameworks */ = {
			isa = PBXFrameworksBuildPhase;
			buildActionMask = 2147483647;
			files = (
				23EFDE921F95FE730038BE75 /* CoreDataPlus.framework in Frameworks */,
			);
			runOnlyForDeploymentPostprocessing = 0;
		};
		23EFDE991F95FE990038BE75 /* Frameworks */ = {
			isa = PBXFrameworksBuildPhase;
			buildActionMask = 2147483647;
			files = (
				23EFDEA11F95FE990038BE75 /* CoreDataPlus.framework in Frameworks */,
			);
			runOnlyForDeploymentPostprocessing = 0;
		};
		23EFDEA81F95FEB40038BE75 /* Frameworks */ = {
			isa = PBXFrameworksBuildPhase;
			buildActionMask = 2147483647;
			files = (
				23EFDEB01F95FEB50038BE75 /* CoreDataPlus.framework in Frameworks */,
			);
			runOnlyForDeploymentPostprocessing = 0;
		};
/* End PBXFrameworksBuildPhase section */

/* Begin PBXGroup section */
		23B580601F94FEDF00A365C0 = {
			isa = PBXGroup;
			children = (
				23B5806B1F94FEDF00A365C0 /* Products */,
				23B580851F94FF0900A365C0 /* Sources */,
				23B580841F94FF0300A365C0 /* Support */,
				23B580861F94FF0E00A365C0 /* Tests */,
			);
			sourceTree = "<group>";
		};
		23B5806B1F94FEDF00A365C0 /* Products */ = {
			isa = PBXGroup;
			children = (
				23B5806A1F94FEDF00A365C0 /* CoreDataPlus.framework */,
				236350741F95EC1A00B3A16A /* CoreDataPlus.framework */,
				236350811F95EC3000B3A16A /* CoreDataPlus.framework */,
				2363509D1F95EC5600B3A16A /* CoreDataPlus.framework */,
				23EFDE8D1F95FE730038BE75 /* CoreDataPlus Tests iOS.xctest */,
				23EFDE9C1F95FE990038BE75 /* CoreDataPlus Tests tvOS.xctest */,
				23EFDEAB1F95FEB40038BE75 /* CoreDataPlus Tests macOS.xctest */,
			);
			name = Products;
			sourceTree = "<group>";
		};
		23B580841F94FF0300A365C0 /* Support */ = {
			isa = PBXGroup;
			children = (
				23BAC1181FA7A7D8002EE4F1 /* Package.swift */,
				236351241F95F53900B3A16A /* IDETemplateMacros.plist */,
				236350E11F95F1A900B3A16A /* Info-Tests.plist */,
				23B5806E1F94FEDF00A365C0 /* Info.plist */,
				236350841F95EC3000B3A16A /* Info-tvOS.plist */,
				23B5806D1F94FEDF00A365C0 /* CoreDataPlus.h */,
			);
			path = Support;
			sourceTree = "<group>";
		};
		23B580851F94FF0900A365C0 /* Sources */ = {
			isa = PBXGroup;
			children = (
				23B580921F94FFF700A365C0 /* Collection+CoreData.swift */,
				23B5809D1F95006200A365C0 /* CoreDataPlus.swift */,
				23A8A4501F9F89670038DE3A /* CoreDataPlusError.swift */,
				23B580891F94FFF600A365C0 /* ModelVersion.swift */,
				23948D141F99332A00B3738D /* NSEntityDescription+Utils.swift */,
				23B580871F94FFF600A365C0 /* NSFetchRequest+Utils.swift */,
				23B580881F94FFF600A365C0 /* NSFetchRequestResult+CoreData.swift */,
				23B5808D1F94FFF600A365C0 /* NSManagedObject+Deletable.swift */,
				23463B0B1FA67CC200149574 /* NSManagedObject+RemoteDeletable.swift */,
				23B5808B1F94FFF600A365C0 /* NSManagedObject+UpdateTimestampable.swift */,
				23B5808C1F94FFF600A365C0 /* NSManagedObject+Utils.swift */,
				23B580901F94FFF700A365C0 /* NSManagedObjectContext+Cache.swift */,
				23B5808F1F94FFF700A365C0 /* NSManagedObjectContext+Utils.swift */,
				237EF68B1FA4851800B54A7A /* ProcessInfo+Utils.swift */,
			);
			path = Sources;
			sourceTree = "<group>";
		};
		23B580861F94FF0E00A365C0 /* Tests */ = {
			isa = PBXGroup;
			children = (
				23EEF5431F962DA600A2E72F /* Sample Model */,
				236351041F95F28B00B3A16A /* ModelVersionTests.swift */,
				236351071F95F28C00B3A16A /* NSFetchRequestUtilsTests.swift */,
				236351051F95F28C00B3A16A /* NSManagedObjectContextCacheTests.swift */,
				236351031F95F28B00B3A16A /* NSManagedObjectContextUtilsTests.swift */,
				236351061F95F28C00B3A16A /* NSManagedObjectUtilsTests.swift */,
				23DAFA291F964DBB0058654B /* NSFetchRequestResultUtilsTests.swift */,
				23948D1E1F9934F800B3738D /* NSEntityDescriptionUtilsTests.swift */,
				23A8A44C1F9F536D0038DE3A /* NSFetchRequestResultCoreDataTests.swift */,
			);
			path = Tests;
			sourceTree = "<group>";
		};
		23EEF5431F962DA600A2E72F /* Sample Model */ = {
			isa = PBXGroup;
			children = (
				2363510B1F95F28C00B3A16A /* SampleModelVersion.swift */,
				236351081F95F28C00B3A16A /* CoreDataStack.swift */,
				23EEF5441F962E5700A2E72F /* Car.swift */,
				23EEF5481F962E6A00A2E72F /* Person.swift */,
				23DAFA231F9641BD0058654B /* SampleModel.xcdatamodeld */,
				233654361F9E1644007F8D3D /* SampleData.swift */,
			);
			name = "Sample Model";
			sourceTree = "<group>";
		};
/* End PBXGroup section */

/* Begin PBXHeadersBuildPhase section */
		236350711F95EC1A00B3A16A /* Headers */ = {
			isa = PBXHeadersBuildPhase;
			buildActionMask = 2147483647;
			files = (
				236350B51F95F0ED00B3A16A /* CoreDataPlus.h in Headers */,
			);
			runOnlyForDeploymentPostprocessing = 0;
		};
		2363507E1F95EC3000B3A16A /* Headers */ = {
			isa = PBXHeadersBuildPhase;
			buildActionMask = 2147483647;
			files = (
				236350B61F95F0EF00B3A16A /* CoreDataPlus.h in Headers */,
			);
			runOnlyForDeploymentPostprocessing = 0;
		};
		2363509A1F95EC5600B3A16A /* Headers */ = {
			isa = PBXHeadersBuildPhase;
			buildActionMask = 2147483647;
			files = (
				236350B71F95F0F200B3A16A /* CoreDataPlus.h in Headers */,
			);
			runOnlyForDeploymentPostprocessing = 0;
		};
		23B580671F94FEDF00A365C0 /* Headers */ = {
			isa = PBXHeadersBuildPhase;
			buildActionMask = 2147483647;
			files = (
				23B5807B1F94FEDF00A365C0 /* CoreDataPlus.h in Headers */,
			);
			runOnlyForDeploymentPostprocessing = 0;
		};
/* End PBXHeadersBuildPhase section */

/* Begin PBXNativeTarget section */
		236350731F95EC1A00B3A16A /* CoreDataPlus watchOS */ = {
			isa = PBXNativeTarget;
			buildConfigurationList = 236350791F95EC1A00B3A16A /* Build configuration list for PBXNativeTarget "CoreDataPlus watchOS" */;
			buildPhases = (
				2363506F1F95EC1A00B3A16A /* Sources */,
				236350701F95EC1A00B3A16A /* Frameworks */,
				236350711F95EC1A00B3A16A /* Headers */,
				236350721F95EC1A00B3A16A /* Resources */,
			);
			buildRules = (
			);
			dependencies = (
			);
			name = "CoreDataPlus watchOS";
			productName = CoreDataPlus;
			productReference = 236350741F95EC1A00B3A16A /* CoreDataPlus.framework */;
			productType = "com.apple.product-type.framework";
		};
		236350801F95EC3000B3A16A /* CoreDataPlus tvOS */ = {
			isa = PBXNativeTarget;
			buildConfigurationList = 236350921F95EC3000B3A16A /* Build configuration list for PBXNativeTarget "CoreDataPlus tvOS" */;
			buildPhases = (
				2363507C1F95EC3000B3A16A /* Sources */,
				2363507D1F95EC3000B3A16A /* Frameworks */,
				2363507E1F95EC3000B3A16A /* Headers */,
				2363507F1F95EC3000B3A16A /* Resources */,
			);
			buildRules = (
			);
			dependencies = (
			);
			name = "CoreDataPlus tvOS";
			productName = "CoreDataPlus tvOS";
			productReference = 236350811F95EC3000B3A16A /* CoreDataPlus.framework */;
			productType = "com.apple.product-type.framework";
		};
		2363509C1F95EC5600B3A16A /* CoreDataPlus macOS */ = {
			isa = PBXNativeTarget;
			buildConfigurationList = 236350AE1F95EC5600B3A16A /* Build configuration list for PBXNativeTarget "CoreDataPlus macOS" */;
			buildPhases = (
				236350981F95EC5600B3A16A /* Sources */,
				236350991F95EC5600B3A16A /* Frameworks */,
				2363509A1F95EC5600B3A16A /* Headers */,
				2363509B1F95EC5600B3A16A /* Resources */,
			);
			buildRules = (
			);
			dependencies = (
			);
			name = "CoreDataPlus macOS";
			productName = "CoreDataPlus macOS";
			productReference = 2363509D1F95EC5600B3A16A /* CoreDataPlus.framework */;
			productType = "com.apple.product-type.framework";
		};
		23B580691F94FEDF00A365C0 /* CoreDataPlus iOS */ = {
			isa = PBXNativeTarget;
			buildConfigurationList = 23B5807E1F94FEDF00A365C0 /* Build configuration list for PBXNativeTarget "CoreDataPlus iOS" */;
			buildPhases = (
				23B580651F94FEDF00A365C0 /* Sources */,
				23B580661F94FEDF00A365C0 /* Frameworks */,
				23B580671F94FEDF00A365C0 /* Headers */,
				23B580681F94FEDF00A365C0 /* Resources */,
			);
			buildRules = (
			);
			dependencies = (
			);
			name = "CoreDataPlus iOS";
			productName = CoreDataPlus;
			productReference = 23B5806A1F94FEDF00A365C0 /* CoreDataPlus.framework */;
			productType = "com.apple.product-type.framework";
		};
		23EFDE8C1F95FE730038BE75 /* CoreDataPlus Tests iOS */ = {
			isa = PBXNativeTarget;
			buildConfigurationList = 23EFDE951F95FE730038BE75 /* Build configuration list for PBXNativeTarget "CoreDataPlus Tests iOS" */;
			buildPhases = (
				23EFDE891F95FE730038BE75 /* Sources */,
				23EFDE8A1F95FE730038BE75 /* Frameworks */,
				23EFDE8B1F95FE730038BE75 /* Resources */,
			);
			buildRules = (
			);
			dependencies = (
				23EFDE941F95FE730038BE75 /* PBXTargetDependency */,
			);
			name = "CoreDataPlus Tests iOS";
			productName = "CoreDataPlus Tests iOS";
			productReference = 23EFDE8D1F95FE730038BE75 /* CoreDataPlus Tests iOS.xctest */;
			productType = "com.apple.product-type.bundle.unit-test";
		};
		23EFDE9B1F95FE990038BE75 /* CoreDataPlus Tests tvOS */ = {
			isa = PBXNativeTarget;
			buildConfigurationList = 23EFDEA41F95FE990038BE75 /* Build configuration list for PBXNativeTarget "CoreDataPlus Tests tvOS" */;
			buildPhases = (
				23EFDE981F95FE990038BE75 /* Sources */,
				23EFDE991F95FE990038BE75 /* Frameworks */,
				23EFDE9A1F95FE990038BE75 /* Resources */,
			);
			buildRules = (
			);
			dependencies = (
				23EFDEA31F95FE990038BE75 /* PBXTargetDependency */,
			);
			name = "CoreDataPlus Tests tvOS";
			productName = "CoreDataPlus Tests tvOS";
			productReference = 23EFDE9C1F95FE990038BE75 /* CoreDataPlus Tests tvOS.xctest */;
			productType = "com.apple.product-type.bundle.unit-test";
		};
		23EFDEAA1F95FEB40038BE75 /* CoreDataPlus Tests macOS */ = {
			isa = PBXNativeTarget;
			buildConfigurationList = 23EFDEB31F95FEB50038BE75 /* Build configuration list for PBXNativeTarget "CoreDataPlus Tests macOS" */;
			buildPhases = (
				23EFDEA71F95FEB40038BE75 /* Sources */,
				23EFDEA81F95FEB40038BE75 /* Frameworks */,
				23EFDEA91F95FEB40038BE75 /* Resources */,
			);
			buildRules = (
			);
			dependencies = (
				23EFDEB21F95FEB50038BE75 /* PBXTargetDependency */,
			);
			name = "CoreDataPlus Tests macOS";
			productName = "CoreDataPlus Tests macOS";
			productReference = 23EFDEAB1F95FEB40038BE75 /* CoreDataPlus Tests macOS.xctest */;
			productType = "com.apple.product-type.bundle.unit-test";
		};
/* End PBXNativeTarget section */

/* Begin PBXProject section */
		23B580611F94FEDF00A365C0 /* Project object */ = {
			isa = PBXProject;
			attributes = {
				LastSwiftUpdateCheck = 0910;
				LastUpgradeCheck = 0910;
				ORGANIZATIONNAME = Tinrobots;
				TargetAttributes = {
					236350731F95EC1A00B3A16A = {
						CreatedOnToolsVersion = 9.1;
						ProvisioningStyle = Automatic;
					};
					236350801F95EC3000B3A16A = {
						CreatedOnToolsVersion = 9.1;
						ProvisioningStyle = Automatic;
					};
					2363509C1F95EC5600B3A16A = {
						CreatedOnToolsVersion = 9.1;
						ProvisioningStyle = Automatic;
					};
					2364CE511FA383EF0076F2B8 = {
						CreatedOnToolsVersion = 9.1;
						ProvisioningStyle = Automatic;
					};
					2364CE561FA3843D0076F2B8 = {
						CreatedOnToolsVersion = 9.1;
						ProvisioningStyle = Automatic;
					};
					23B580691F94FEDF00A365C0 = {
						CreatedOnToolsVersion = 9.1;
						LastSwiftMigration = 0910;
						ProvisioningStyle = Automatic;
					};
					23EFDE8C1F95FE730038BE75 = {
						CreatedOnToolsVersion = 9.1;
						ProvisioningStyle = Automatic;
					};
					23EFDE9B1F95FE990038BE75 = {
						CreatedOnToolsVersion = 9.1;
						ProvisioningStyle = Automatic;
					};
					23EFDEAA1F95FEB40038BE75 = {
						CreatedOnToolsVersion = 9.1;
						ProvisioningStyle = Automatic;
					};
				};
			};
			buildConfigurationList = 23B580641F94FEDF00A365C0 /* Build configuration list for PBXProject "CoreDataPlus" */;
			compatibilityVersion = "Xcode 8.0";
			developmentRegion = en;
			hasScannedForEncodings = 0;
			knownRegions = (
				en,
			);
			mainGroup = 23B580601F94FEDF00A365C0;
			productRefGroup = 23B5806B1F94FEDF00A365C0 /* Products */;
			projectDirPath = "";
			projectRoot = "";
			targets = (
				23B580691F94FEDF00A365C0 /* CoreDataPlus iOS */,
				236350731F95EC1A00B3A16A /* CoreDataPlus watchOS */,
				236350801F95EC3000B3A16A /* CoreDataPlus tvOS */,
				2363509C1F95EC5600B3A16A /* CoreDataPlus macOS */,
				23EFDE8C1F95FE730038BE75 /* CoreDataPlus Tests iOS */,
				23EFDE9B1F95FE990038BE75 /* CoreDataPlus Tests tvOS */,
				23EFDEAA1F95FEB40038BE75 /* CoreDataPlus Tests macOS */,
				2364CE511FA383EF0076F2B8 /* SwiftLint */,
				2364CE561FA3843D0076F2B8 /* Cleanup Whitespace */,
			);
		};
/* End PBXProject section */

/* Begin PBXResourcesBuildPhase section */
		236350721F95EC1A00B3A16A /* Resources */ = {
			isa = PBXResourcesBuildPhase;
			buildActionMask = 2147483647;
			files = (
			);
			runOnlyForDeploymentPostprocessing = 0;
		};
		2363507F1F95EC3000B3A16A /* Resources */ = {
			isa = PBXResourcesBuildPhase;
			buildActionMask = 2147483647;
			files = (
			);
			runOnlyForDeploymentPostprocessing = 0;
		};
		2363509B1F95EC5600B3A16A /* Resources */ = {
			isa = PBXResourcesBuildPhase;
			buildActionMask = 2147483647;
			files = (
			);
			runOnlyForDeploymentPostprocessing = 0;
		};
		23B580681F94FEDF00A365C0 /* Resources */ = {
			isa = PBXResourcesBuildPhase;
			buildActionMask = 2147483647;
			files = (
			);
			runOnlyForDeploymentPostprocessing = 0;
		};
		23EFDE8B1F95FE730038BE75 /* Resources */ = {
			isa = PBXResourcesBuildPhase;
			buildActionMask = 2147483647;
			files = (
			);
			runOnlyForDeploymentPostprocessing = 0;
		};
		23EFDE9A1F95FE990038BE75 /* Resources */ = {
			isa = PBXResourcesBuildPhase;
			buildActionMask = 2147483647;
			files = (
			);
			runOnlyForDeploymentPostprocessing = 0;
		};
		23EFDEA91F95FEB40038BE75 /* Resources */ = {
			isa = PBXResourcesBuildPhase;
			buildActionMask = 2147483647;
			files = (
			);
			runOnlyForDeploymentPostprocessing = 0;
		};
/* End PBXResourcesBuildPhase section */

/* Begin PBXShellScriptBuildPhase section */
		2364CE551FA384090076F2B8 /* SwiftLint */ = {
			isa = PBXShellScriptBuildPhase;
			buildActionMask = 2147483647;
			files = (
			);
			inputPaths = (
			);
			name = SwiftLint;
			outputPaths = (
			);
			runOnlyForDeploymentPostprocessing = 0;
			shellPath = /bin/sh;
			shellScript = "if which swiftlint >/dev/null; then\nswiftlint\nelse\necho \"warning: SwiftLint not installed, download from https://github.com/realm/SwiftLint\"\nfi";
		};
		2364CE5A1FA384490076F2B8 /* Cleanup Whitespace */ = {
			isa = PBXShellScriptBuildPhase;
			buildActionMask = 2147483647;
			files = (
			);
			inputPaths = (
			);
			name = "Cleanup Whitespace";
			outputPaths = (
			);
			runOnlyForDeploymentPostprocessing = 0;
			shellPath = /bin/sh;
			shellScript = "#!/bin/sh\ndirectories=(Sources Tests)\n\nfor directory in \"${directories[@]}\"\ndo\necho \"Cleaning whitespace in directory: $directory\"\nfind $directory -iregex '.*\\.swift' -exec sed -E -i '' -e 's/[[:blank:]]*$//' {} \\;\ndone";
		};
/* End PBXShellScriptBuildPhase section */

/* Begin PBXSourcesBuildPhase section */
		2363506F1F95EC1A00B3A16A /* Sources */ = {
			isa = PBXSourcesBuildPhase;
			buildActionMask = 2147483647;
			files = (
				23463B0D1FA67CC200149574 /* NSManagedObject+RemoteDeletable.swift in Sources */,
				236350B91F95F11C00B3A16A /* NSManagedObjectContext+Cache.swift in Sources */,
				23948D161F99332A00B3738D /* NSEntityDescription+Utils.swift in Sources */,
				236350C11F95F11C00B3A16A /* NSFetchRequestResult+CoreData.swift in Sources */,
				237EF68D1FA4851800B54A7A /* ProcessInfo+Utils.swift in Sources */,
				23A8A4521F9F89670038DE3A /* CoreDataPlusError.swift in Sources */,
				236350BC1F95F11C00B3A16A /* NSManagedObject+Deletable.swift in Sources */,
				236350BA1F95F11C00B3A16A /* NSManagedObject+UpdateTimestampable.swift in Sources */,
				236350B81F95F11C00B3A16A /* NSManagedObjectContext+Utils.swift in Sources */,
				236350BF1F95F11C00B3A16A /* ModelVersion.swift in Sources */,
				236350BD1F95F11C00B3A16A /* Collection+CoreData.swift in Sources */,
				236350C21F95F11C00B3A16A /* CoreDataPlus.swift in Sources */,
				236350BB1F95F11C00B3A16A /* NSManagedObject+Utils.swift in Sources */,
				236350C01F95F11C00B3A16A /* NSFetchRequest+Utils.swift in Sources */,
			);
			runOnlyForDeploymentPostprocessing = 0;
		};
		2363507C1F95EC3000B3A16A /* Sources */ = {
			isa = PBXSourcesBuildPhase;
			buildActionMask = 2147483647;
			files = (
				23463B0E1FA67CC200149574 /* NSManagedObject+RemoteDeletable.swift in Sources */,
				236350C41F95F11C00B3A16A /* NSManagedObjectContext+Cache.swift in Sources */,
				23948D171F99332A00B3738D /* NSEntityDescription+Utils.swift in Sources */,
				236350CC1F95F11C00B3A16A /* NSFetchRequestResult+CoreData.swift in Sources */,
				237EF68E1FA4851800B54A7A /* ProcessInfo+Utils.swift in Sources */,
				23A8A4531F9F89670038DE3A /* CoreDataPlusError.swift in Sources */,
				236350C71F95F11C00B3A16A /* NSManagedObject+Deletable.swift in Sources */,
				236350C51F95F11C00B3A16A /* NSManagedObject+UpdateTimestampable.swift in Sources */,
				236350C31F95F11C00B3A16A /* NSManagedObjectContext+Utils.swift in Sources */,
				236350CA1F95F11C00B3A16A /* ModelVersion.swift in Sources */,
				236350C81F95F11C00B3A16A /* Collection+CoreData.swift in Sources */,
				236350CD1F95F11C00B3A16A /* CoreDataPlus.swift in Sources */,
				236350C61F95F11C00B3A16A /* NSManagedObject+Utils.swift in Sources */,
				236350CB1F95F11C00B3A16A /* NSFetchRequest+Utils.swift in Sources */,
			);
			runOnlyForDeploymentPostprocessing = 0;
		};
		236350981F95EC5600B3A16A /* Sources */ = {
			isa = PBXSourcesBuildPhase;
			buildActionMask = 2147483647;
			files = (
				23463B0F1FA67CC200149574 /* NSManagedObject+RemoteDeletable.swift in Sources */,
				236350CF1F95F11D00B3A16A /* NSManagedObjectContext+Cache.swift in Sources */,
				23948D181F99332A00B3738D /* NSEntityDescription+Utils.swift in Sources */,
				236350D71F95F11D00B3A16A /* NSFetchRequestResult+CoreData.swift in Sources */,
				237EF68F1FA4851800B54A7A /* ProcessInfo+Utils.swift in Sources */,
				23A8A4541F9F89670038DE3A /* CoreDataPlusError.swift in Sources */,
				236350D21F95F11D00B3A16A /* NSManagedObject+Deletable.swift in Sources */,
				236350D01F95F11D00B3A16A /* NSManagedObject+UpdateTimestampable.swift in Sources */,
				236350CE1F95F11D00B3A16A /* NSManagedObjectContext+Utils.swift in Sources */,
				236350D51F95F11D00B3A16A /* ModelVersion.swift in Sources */,
				236350D31F95F11D00B3A16A /* Collection+CoreData.swift in Sources */,
				236350D81F95F11D00B3A16A /* CoreDataPlus.swift in Sources */,
				236350D11F95F11D00B3A16A /* NSManagedObject+Utils.swift in Sources */,
				236350D61F95F11D00B3A16A /* NSFetchRequest+Utils.swift in Sources */,
			);
			runOnlyForDeploymentPostprocessing = 0;
		};
		23B580651F94FEDF00A365C0 /* Sources */ = {
			isa = PBXSourcesBuildPhase;
			buildActionMask = 2147483647;
			files = (
				23463B0C1FA67CC200149574 /* NSManagedObject+RemoteDeletable.swift in Sources */,
				23948D151F99332A00B3738D /* NSEntityDescription+Utils.swift in Sources */,
				23B580981F94FFF700A365C0 /* NSManagedObject+Deletable.swift in Sources */,
				237EF68C1FA4851800B54A7A /* ProcessInfo+Utils.swift in Sources */,
				23A8A4511F9F89670038DE3A /* CoreDataPlusError.swift in Sources */,
				23B580931F94FFF700A365C0 /* NSFetchRequest+Utils.swift in Sources */,
				23B580991F94FFF700A365C0 /* NSManagedObjectContext+Utils.swift in Sources */,
				23B580951F94FFF700A365C0 /* ModelVersion.swift in Sources */,
				23B580941F94FFF700A365C0 /* NSFetchRequestResult+CoreData.swift in Sources */,
				23B580971F94FFF700A365C0 /* NSManagedObject+Utils.swift in Sources */,
				23B5809E1F95006200A365C0 /* CoreDataPlus.swift in Sources */,
				23B5809A1F94FFF700A365C0 /* NSManagedObjectContext+Cache.swift in Sources */,
				23B5809C1F94FFF700A365C0 /* Collection+CoreData.swift in Sources */,
				23B580961F94FFF700A365C0 /* NSManagedObject+UpdateTimestampable.swift in Sources */,
			);
			runOnlyForDeploymentPostprocessing = 0;
		};
		23EFDE891F95FE730038BE75 /* Sources */ = {
			isa = PBXSourcesBuildPhase;
			buildActionMask = 2147483647;
			files = (
				23948D1F1F9934F800B3738D /* NSEntityDescriptionUtilsTests.swift in Sources */,
				233654371F9E1644007F8D3D /* SampleData.swift in Sources */,
				23DAFA2A1F964DBB0058654B /* NSFetchRequestResultUtilsTests.swift in Sources */,
				23EEF5491F962E6A00A2E72F /* Person.swift in Sources */,
				234130691F95FF90002BE7FC /* NSManagedObjectContextCacheTests.swift in Sources */,
				23F8E9E01F965B2000C65565 /* SampleModel.xcdatamodeld in Sources */,
				234130651F95FF90002BE7FC /* CoreDataStack.swift in Sources */,
				234130681F95FF90002BE7FC /* NSFetchRequestUtilsTests.swift in Sources */,
				23A8A44D1F9F536D0038DE3A /* NSFetchRequestResultCoreDataTests.swift in Sources */,
				2341306A1F95FF90002BE7FC /* NSManagedObjectContextUtilsTests.swift in Sources */,
				23EEF5451F962E5700A2E72F /* Car.swift in Sources */,
				2341306B1F95FF90002BE7FC /* NSManagedObjectUtilsTests.swift in Sources */,
				234130661F95FF90002BE7FC /* SampleModelVersion.swift in Sources */,
				234130671F95FF90002BE7FC /* ModelVersionTests.swift in Sources */,
			);
			runOnlyForDeploymentPostprocessing = 0;
		};
		23EFDE981F95FE990038BE75 /* Sources */ = {
			isa = PBXSourcesBuildPhase;
			buildActionMask = 2147483647;
			files = (
				23948D201F9934F800B3738D /* NSEntityDescriptionUtilsTests.swift in Sources */,
				233654381F9E1644007F8D3D /* SampleData.swift in Sources */,
				23DAFA2B1F964DBB0058654B /* NSFetchRequestResultUtilsTests.swift in Sources */,
				23EEF54A1F962E6A00A2E72F /* Person.swift in Sources */,
				234130701F95FF91002BE7FC /* NSManagedObjectContextCacheTests.swift in Sources */,
				23F8E9E11F965B2100C65565 /* SampleModel.xcdatamodeld in Sources */,
				2341306C1F95FF91002BE7FC /* CoreDataStack.swift in Sources */,
				2341306F1F95FF91002BE7FC /* NSFetchRequestUtilsTests.swift in Sources */,
				23A8A44E1F9F536D0038DE3A /* NSFetchRequestResultCoreDataTests.swift in Sources */,
				234130711F95FF91002BE7FC /* NSManagedObjectContextUtilsTests.swift in Sources */,
				23EEF5461F962E5700A2E72F /* Car.swift in Sources */,
				234130721F95FF91002BE7FC /* NSManagedObjectUtilsTests.swift in Sources */,
				2341306D1F95FF91002BE7FC /* SampleModelVersion.swift in Sources */,
				2341306E1F95FF91002BE7FC /* ModelVersionTests.swift in Sources */,
			);
			runOnlyForDeploymentPostprocessing = 0;
		};
		23EFDEA71F95FEB40038BE75 /* Sources */ = {
			isa = PBXSourcesBuildPhase;
			buildActionMask = 2147483647;
			files = (
				23948D211F9934F800B3738D /* NSEntityDescriptionUtilsTests.swift in Sources */,
				233654391F9E1644007F8D3D /* SampleData.swift in Sources */,
				23DAFA2C1F964DBB0058654B /* NSFetchRequestResultUtilsTests.swift in Sources */,
				23EEF54B1F962E6A00A2E72F /* Person.swift in Sources */,
				234130771F95FF91002BE7FC /* NSManagedObjectContextCacheTests.swift in Sources */,
				23F8E9E21F965B2200C65565 /* SampleModel.xcdatamodeld in Sources */,
				234130731F95FF91002BE7FC /* CoreDataStack.swift in Sources */,
				234130761F95FF91002BE7FC /* NSFetchRequestUtilsTests.swift in Sources */,
				23A8A44F1F9F536D0038DE3A /* NSFetchRequestResultCoreDataTests.swift in Sources */,
				234130781F95FF91002BE7FC /* NSManagedObjectContextUtilsTests.swift in Sources */,
				23EEF5471F962E5700A2E72F /* Car.swift in Sources */,
				234130791F95FF91002BE7FC /* NSManagedObjectUtilsTests.swift in Sources */,
				234130741F95FF91002BE7FC /* SampleModelVersion.swift in Sources */,
				234130751F95FF91002BE7FC /* ModelVersionTests.swift in Sources */,
			);
			runOnlyForDeploymentPostprocessing = 0;
		};
/* End PBXSourcesBuildPhase section */

/* Begin PBXTargetDependency section */
		23EFDE941F95FE730038BE75 /* PBXTargetDependency */ = {
			isa = PBXTargetDependency;
			target = 23B580691F94FEDF00A365C0 /* CoreDataPlus iOS */;
			targetProxy = 23EFDE931F95FE730038BE75 /* PBXContainerItemProxy */;
		};
		23EFDEA31F95FE990038BE75 /* PBXTargetDependency */ = {
			isa = PBXTargetDependency;
			target = 236350801F95EC3000B3A16A /* CoreDataPlus tvOS */;
			targetProxy = 23EFDEA21F95FE990038BE75 /* PBXContainerItemProxy */;
		};
		23EFDEB21F95FEB50038BE75 /* PBXTargetDependency */ = {
			isa = PBXTargetDependency;
			target = 2363509C1F95EC5600B3A16A /* CoreDataPlus macOS */;
			targetProxy = 23EFDEB11F95FEB50038BE75 /* PBXContainerItemProxy */;
		};
/* End PBXTargetDependency section */

/* Begin XCBuildConfiguration section */
		2363507A1F95EC1A00B3A16A /* Debug */ = {
			isa = XCBuildConfiguration;
			buildSettings = {
				APPLICATION_EXTENSION_API_ONLY = YES;
				CODE_SIGN_IDENTITY = "";
				CODE_SIGN_STYLE = Automatic;
				DEFINES_MODULE = YES;
				DYLIB_COMPATIBILITY_VERSION = 1;
				DYLIB_CURRENT_VERSION = 1;
				DYLIB_INSTALL_NAME_BASE = "@rpath";
				INFOPLIST_FILE = Support/Info.plist;
				INSTALL_PATH = "$(LOCAL_LIBRARY_DIR)/Frameworks";
				LD_RUNPATH_SEARCH_PATHS = "$(inherited) @executable_path/Frameworks @loader_path/Frameworks";
				MACOSX_DEPLOYMENT_TARGET = 10.12;
				PRODUCT_BUNDLE_IDENTIFIER = org.tinrobots.CoreDataPlus;
				PRODUCT_MODULE_NAME = "$(PRODUCT_NAME:c99extidentifier)";
				PRODUCT_NAME = CoreDataPlus;
				SDKROOT = watchos;
				SKIP_INSTALL = YES;
				SWIFT_VERSION = 4.0;
				TARGETED_DEVICE_FAMILY = 4;
				WATCHOS_DEPLOYMENT_TARGET = 3.0;
			};
			name = Debug;
		};
		2363507B1F95EC1A00B3A16A /* Release */ = {
			isa = XCBuildConfiguration;
			buildSettings = {
				APPLICATION_EXTENSION_API_ONLY = YES;
				CODE_SIGN_IDENTITY = "";
				CODE_SIGN_STYLE = Automatic;
				DEFINES_MODULE = YES;
				DYLIB_COMPATIBILITY_VERSION = 1;
				DYLIB_CURRENT_VERSION = 1;
				DYLIB_INSTALL_NAME_BASE = "@rpath";
				INFOPLIST_FILE = Support/Info.plist;
				INSTALL_PATH = "$(LOCAL_LIBRARY_DIR)/Frameworks";
				LD_RUNPATH_SEARCH_PATHS = "$(inherited) @executable_path/Frameworks @loader_path/Frameworks";
				MACOSX_DEPLOYMENT_TARGET = 10.12;
				PRODUCT_BUNDLE_IDENTIFIER = org.tinrobots.CoreDataPlus;
				PRODUCT_MODULE_NAME = "$(PRODUCT_NAME:c99extidentifier)";
				PRODUCT_NAME = CoreDataPlus;
				SDKROOT = watchos;
				SKIP_INSTALL = YES;
				SWIFT_VERSION = 4.0;
				TARGETED_DEVICE_FAMILY = 4;
				WATCHOS_DEPLOYMENT_TARGET = 3.0;
			};
			name = Release;
		};
		236350931F95EC3000B3A16A /* Debug */ = {
			isa = XCBuildConfiguration;
			buildSettings = {
				APPLICATION_EXTENSION_API_ONLY = YES;
				CODE_SIGN_IDENTITY = "";
				CODE_SIGN_STYLE = Automatic;
				DEFINES_MODULE = YES;
				DYLIB_COMPATIBILITY_VERSION = 1;
				DYLIB_CURRENT_VERSION = 1;
				DYLIB_INSTALL_NAME_BASE = "@rpath";
				INFOPLIST_FILE = "Support/Info-tvOS.plist";
				INSTALL_PATH = "$(LOCAL_LIBRARY_DIR)/Frameworks";
				LD_RUNPATH_SEARCH_PATHS = "$(inherited) @executable_path/Frameworks @loader_path/Frameworks";
				MACOSX_DEPLOYMENT_TARGET = 10.12;
				PRODUCT_BUNDLE_IDENTIFIER = org.tinrobots.CoreDataPlus;
				PRODUCT_MODULE_NAME = "$(PRODUCT_NAME:c99extidentifier)";
				PRODUCT_NAME = CoreDataPlus;
				SDKROOT = appletvos;
				SKIP_INSTALL = YES;
				SWIFT_VERSION = 4.0;
				TARGETED_DEVICE_FAMILY = 3;
				TVOS_DEPLOYMENT_TARGET = 10.0;
			};
			name = Debug;
		};
		236350941F95EC3000B3A16A /* Release */ = {
			isa = XCBuildConfiguration;
			buildSettings = {
				APPLICATION_EXTENSION_API_ONLY = YES;
				CODE_SIGN_IDENTITY = "";
				CODE_SIGN_STYLE = Automatic;
				DEFINES_MODULE = YES;
				DYLIB_COMPATIBILITY_VERSION = 1;
				DYLIB_CURRENT_VERSION = 1;
				DYLIB_INSTALL_NAME_BASE = "@rpath";
				INFOPLIST_FILE = "Support/Info-tvOS.plist";
				INSTALL_PATH = "$(LOCAL_LIBRARY_DIR)/Frameworks";
				LD_RUNPATH_SEARCH_PATHS = "$(inherited) @executable_path/Frameworks @loader_path/Frameworks";
				MACOSX_DEPLOYMENT_TARGET = 10.12;
				PRODUCT_BUNDLE_IDENTIFIER = org.tinrobots.CoreDataPlus;
				PRODUCT_MODULE_NAME = "$(PRODUCT_NAME:c99extidentifier)";
				PRODUCT_NAME = CoreDataPlus;
				SDKROOT = appletvos;
				SKIP_INSTALL = YES;
				SWIFT_VERSION = 4.0;
				TARGETED_DEVICE_FAMILY = 3;
				TVOS_DEPLOYMENT_TARGET = 10.0;
			};
			name = Release;
		};
		236350AF1F95EC5600B3A16A /* Debug */ = {
			isa = XCBuildConfiguration;
			buildSettings = {
				APPLICATION_EXTENSION_API_ONLY = YES;
				CODE_SIGN_IDENTITY = "-";
				CODE_SIGN_STYLE = Automatic;
				COMBINE_HIDPI_IMAGES = YES;
				DEFINES_MODULE = YES;
				DYLIB_COMPATIBILITY_VERSION = 1;
				DYLIB_CURRENT_VERSION = 1;
				DYLIB_INSTALL_NAME_BASE = "@rpath";
				FRAMEWORK_VERSION = A;
				INFOPLIST_FILE = Support/Info.plist;
				INSTALL_PATH = "$(LOCAL_LIBRARY_DIR)/Frameworks";
				LD_RUNPATH_SEARCH_PATHS = "$(inherited) @executable_path/../Frameworks @loader_path/Frameworks";
				MACOSX_DEPLOYMENT_TARGET = 10.12;
				PRODUCT_BUNDLE_IDENTIFIER = org.tinrobots.CoreDataPlus;
				PRODUCT_MODULE_NAME = "$(PRODUCT_NAME:c99extidentifier)";
				PRODUCT_NAME = CoreDataPlus;
				SDKROOT = macosx;
				SKIP_INSTALL = YES;
				SWIFT_VERSION = 4.0;
			};
			name = Debug;
		};
		236350B01F95EC5600B3A16A /* Release */ = {
			isa = XCBuildConfiguration;
			buildSettings = {
				APPLICATION_EXTENSION_API_ONLY = YES;
				CODE_SIGN_IDENTITY = "-";
				CODE_SIGN_STYLE = Automatic;
				COMBINE_HIDPI_IMAGES = YES;
				DEFINES_MODULE = YES;
				DYLIB_COMPATIBILITY_VERSION = 1;
				DYLIB_CURRENT_VERSION = 1;
				DYLIB_INSTALL_NAME_BASE = "@rpath";
				FRAMEWORK_VERSION = A;
				INFOPLIST_FILE = Support/Info.plist;
				INSTALL_PATH = "$(LOCAL_LIBRARY_DIR)/Frameworks";
				LD_RUNPATH_SEARCH_PATHS = "$(inherited) @executable_path/../Frameworks @loader_path/Frameworks";
				MACOSX_DEPLOYMENT_TARGET = 10.12;
				PRODUCT_BUNDLE_IDENTIFIER = org.tinrobots.CoreDataPlus;
				PRODUCT_MODULE_NAME = "$(PRODUCT_NAME:c99extidentifier)";
				PRODUCT_NAME = CoreDataPlus;
				SDKROOT = macosx;
				SKIP_INSTALL = YES;
				SWIFT_VERSION = 4.0;
			};
			name = Release;
		};
		2364CE521FA383EF0076F2B8 /* Debug */ = {
			isa = XCBuildConfiguration;
			buildSettings = {
				CODE_SIGN_STYLE = Automatic;
				PRODUCT_NAME = "$(TARGET_NAME)";
			};
			name = Debug;
		};
		2364CE531FA383EF0076F2B8 /* Release */ = {
			isa = XCBuildConfiguration;
			buildSettings = {
				CODE_SIGN_STYLE = Automatic;
				PRODUCT_NAME = "$(TARGET_NAME)";
			};
			name = Release;
		};
		2364CE581FA3843D0076F2B8 /* Debug */ = {
			isa = XCBuildConfiguration;
			buildSettings = {
				CODE_SIGN_STYLE = Automatic;
				PRODUCT_NAME = "$(TARGET_NAME)";
			};
			name = Debug;
		};
		2364CE591FA3843D0076F2B8 /* Release */ = {
			isa = XCBuildConfiguration;
			buildSettings = {
				CODE_SIGN_STYLE = Automatic;
				PRODUCT_NAME = "$(TARGET_NAME)";
			};
			name = Release;
		};
		23B5807C1F94FEDF00A365C0 /* Debug */ = {
			isa = XCBuildConfiguration;
			buildSettings = {
				ALWAYS_SEARCH_USER_PATHS = NO;
				CLANG_ANALYZER_NONNULL = YES;
				CLANG_ANALYZER_NUMBER_OBJECT_CONVERSION = YES_AGGRESSIVE;
				CLANG_CXX_LANGUAGE_STANDARD = "gnu++14";
				CLANG_CXX_LIBRARY = "libc++";
				CLANG_ENABLE_MODULES = YES;
				CLANG_ENABLE_OBJC_ARC = YES;
				CLANG_WARN_BLOCK_CAPTURE_AUTORELEASING = YES;
				CLANG_WARN_BOOL_CONVERSION = YES;
				CLANG_WARN_COMMA = YES;
				CLANG_WARN_CONSTANT_CONVERSION = YES;
				CLANG_WARN_DIRECT_OBJC_ISA_USAGE = YES_ERROR;
				CLANG_WARN_DOCUMENTATION_COMMENTS = YES;
				CLANG_WARN_EMPTY_BODY = YES;
				CLANG_WARN_ENUM_CONVERSION = YES;
				CLANG_WARN_INFINITE_RECURSION = YES;
				CLANG_WARN_INT_CONVERSION = YES;
				CLANG_WARN_NON_LITERAL_NULL_CONVERSION = YES;
				CLANG_WARN_OBJC_LITERAL_CONVERSION = YES;
				CLANG_WARN_OBJC_ROOT_CLASS = YES_ERROR;
				CLANG_WARN_RANGE_LOOP_ANALYSIS = YES;
				CLANG_WARN_STRICT_PROTOTYPES = YES;
				CLANG_WARN_SUSPICIOUS_MOVE = YES;
				CLANG_WARN_UNGUARDED_AVAILABILITY = YES_AGGRESSIVE;
				CLANG_WARN_UNREACHABLE_CODE = YES;
				CLANG_WARN__DUPLICATE_METHOD_MATCH = YES;
				CODE_SIGN_IDENTITY = "";
				"CODE_SIGN_IDENTITY[sdk=iphoneos*]" = "iPhone Developer";
				COPY_PHASE_STRIP = NO;
				CURRENT_PROJECT_VERSION = 1;
				DEBUG_INFORMATION_FORMAT = dwarf;
				ENABLE_STRICT_OBJC_MSGSEND = YES;
				ENABLE_TESTABILITY = YES;
				GCC_C_LANGUAGE_STANDARD = gnu11;
				GCC_DYNAMIC_NO_PIC = NO;
				GCC_NO_COMMON_BLOCKS = YES;
				GCC_OPTIMIZATION_LEVEL = 0;
				GCC_PREPROCESSOR_DEFINITIONS = (
					"DEBUG=1",
					"$(inherited)",
				);
				GCC_WARN_64_TO_32_BIT_CONVERSION = YES;
				GCC_WARN_ABOUT_RETURN_TYPE = YES_ERROR;
				GCC_WARN_UNDECLARED_SELECTOR = YES;
				GCC_WARN_UNINITIALIZED_AUTOS = YES_AGGRESSIVE;
				GCC_WARN_UNUSED_FUNCTION = YES;
				GCC_WARN_UNUSED_VARIABLE = YES;
				IPHONEOS_DEPLOYMENT_TARGET = 10.0;
				MACOSX_DEPLOYMENT_TARGET = 10.12;
				MTL_ENABLE_DEBUG_INFO = YES;
				ONLY_ACTIVE_ARCH = YES;
				SDKROOT = iphoneos;
				SWIFT_ACTIVE_COMPILATION_CONDITIONS = DEBUG;
				SWIFT_OPTIMIZATION_LEVEL = "-Onone";
				VERSIONING_SYSTEM = "apple-generic";
				VERSION_INFO_PREFIX = "";
			};
			name = Debug;
		};
		23B5807D1F94FEDF00A365C0 /* Release */ = {
			isa = XCBuildConfiguration;
			buildSettings = {
				ALWAYS_SEARCH_USER_PATHS = NO;
				CLANG_ANALYZER_NONNULL = YES;
				CLANG_ANALYZER_NUMBER_OBJECT_CONVERSION = YES_AGGRESSIVE;
				CLANG_CXX_LANGUAGE_STANDARD = "gnu++14";
				CLANG_CXX_LIBRARY = "libc++";
				CLANG_ENABLE_MODULES = YES;
				CLANG_ENABLE_OBJC_ARC = YES;
				CLANG_WARN_BLOCK_CAPTURE_AUTORELEASING = YES;
				CLANG_WARN_BOOL_CONVERSION = YES;
				CLANG_WARN_COMMA = YES;
				CLANG_WARN_CONSTANT_CONVERSION = YES;
				CLANG_WARN_DIRECT_OBJC_ISA_USAGE = YES_ERROR;
				CLANG_WARN_DOCUMENTATION_COMMENTS = YES;
				CLANG_WARN_EMPTY_BODY = YES;
				CLANG_WARN_ENUM_CONVERSION = YES;
				CLANG_WARN_INFINITE_RECURSION = YES;
				CLANG_WARN_INT_CONVERSION = YES;
				CLANG_WARN_NON_LITERAL_NULL_CONVERSION = YES;
				CLANG_WARN_OBJC_LITERAL_CONVERSION = YES;
				CLANG_WARN_OBJC_ROOT_CLASS = YES_ERROR;
				CLANG_WARN_RANGE_LOOP_ANALYSIS = YES;
				CLANG_WARN_STRICT_PROTOTYPES = YES;
				CLANG_WARN_SUSPICIOUS_MOVE = YES;
				CLANG_WARN_UNGUARDED_AVAILABILITY = YES_AGGRESSIVE;
				CLANG_WARN_UNREACHABLE_CODE = YES;
				CLANG_WARN__DUPLICATE_METHOD_MATCH = YES;
				CODE_SIGN_IDENTITY = "";
				"CODE_SIGN_IDENTITY[sdk=iphoneos*]" = "iPhone Developer";
				COPY_PHASE_STRIP = NO;
				CURRENT_PROJECT_VERSION = 1;
				DEBUG_INFORMATION_FORMAT = "dwarf-with-dsym";
				ENABLE_NS_ASSERTIONS = NO;
				ENABLE_STRICT_OBJC_MSGSEND = YES;
				GCC_C_LANGUAGE_STANDARD = gnu11;
				GCC_NO_COMMON_BLOCKS = YES;
				GCC_WARN_64_TO_32_BIT_CONVERSION = YES;
				GCC_WARN_ABOUT_RETURN_TYPE = YES_ERROR;
				GCC_WARN_UNDECLARED_SELECTOR = YES;
				GCC_WARN_UNINITIALIZED_AUTOS = YES_AGGRESSIVE;
				GCC_WARN_UNUSED_FUNCTION = YES;
				GCC_WARN_UNUSED_VARIABLE = YES;
				IPHONEOS_DEPLOYMENT_TARGET = 10.0;
				MACOSX_DEPLOYMENT_TARGET = 10.12;
				MTL_ENABLE_DEBUG_INFO = NO;
				SDKROOT = iphoneos;
				SWIFT_OPTIMIZATION_LEVEL = "-Owholemodule";
				VALIDATE_PRODUCT = YES;
				VERSIONING_SYSTEM = "apple-generic";
				VERSION_INFO_PREFIX = "";
			};
			name = Release;
		};
		23B5807F1F94FEDF00A365C0 /* Debug */ = {
			isa = XCBuildConfiguration;
			buildSettings = {
				APPLICATION_EXTENSION_API_ONLY = YES;
				BITCODE_GENERATION_MODE = marker;
				CLANG_ENABLE_MODULES = YES;
				CODE_SIGN_IDENTITY = "";
				CODE_SIGN_STYLE = Automatic;
				DEFINES_MODULE = YES;
				DYLIB_COMPATIBILITY_VERSION = 1;
				DYLIB_CURRENT_VERSION = 1;
				DYLIB_INSTALL_NAME_BASE = "@rpath";
				INFOPLIST_FILE = Support/Info.plist;
				INSTALL_PATH = "$(LOCAL_LIBRARY_DIR)/Frameworks";
				IPHONEOS_DEPLOYMENT_TARGET = 10.0;
				LD_RUNPATH_SEARCH_PATHS = "$(inherited) @executable_path/Frameworks @loader_path/Frameworks";
				MACOSX_DEPLOYMENT_TARGET = 10.12;
				ONLY_ACTIVE_ARCH = YES;
				PRODUCT_BUNDLE_IDENTIFIER = org.tinrobots.CoreDataPlus;
				PRODUCT_MODULE_NAME = "$(PRODUCT_NAME:c99extidentifier)";
				PRODUCT_NAME = CoreDataPlus;
				SKIP_INSTALL = YES;
				SWIFT_OPTIMIZATION_LEVEL = "-Onone";
				SWIFT_VERSION = 4.0;
				TARGETED_DEVICE_FAMILY = "1,2";
			};
			name = Debug;
		};
		23B580801F94FEDF00A365C0 /* Release */ = {
			isa = XCBuildConfiguration;
			buildSettings = {
				APPLICATION_EXTENSION_API_ONLY = YES;
				BITCODE_GENERATION_MODE = bitcode;
				CLANG_ENABLE_MODULES = YES;
				CODE_SIGN_IDENTITY = "";
				CODE_SIGN_STYLE = Automatic;
				DEFINES_MODULE = YES;
				DYLIB_COMPATIBILITY_VERSION = 1;
				DYLIB_CURRENT_VERSION = 1;
				DYLIB_INSTALL_NAME_BASE = "@rpath";
				INFOPLIST_FILE = Support/Info.plist;
				INSTALL_PATH = "$(LOCAL_LIBRARY_DIR)/Frameworks";
				IPHONEOS_DEPLOYMENT_TARGET = 10.0;
				LD_RUNPATH_SEARCH_PATHS = "$(inherited) @executable_path/Frameworks @loader_path/Frameworks";
				MACOSX_DEPLOYMENT_TARGET = 10.12;
				ONLY_ACTIVE_ARCH = YES;
				PRODUCT_BUNDLE_IDENTIFIER = org.tinrobots.CoreDataPlus;
				PRODUCT_MODULE_NAME = "$(PRODUCT_NAME:c99extidentifier)";
				PRODUCT_NAME = CoreDataPlus;
				SKIP_INSTALL = YES;
				SWIFT_VERSION = 4.0;
				TARGETED_DEVICE_FAMILY = "1,2";
			};
			name = Release;
		};
		23EFDE961F95FE730038BE75 /* Debug */ = {
			isa = XCBuildConfiguration;
			buildSettings = {
				CODE_SIGN_IDENTITY = "iPhone Developer";
				CODE_SIGN_STYLE = Automatic;
				DEVELOPMENT_TEAM = "";
				INFOPLIST_FILE = "Support/Info-Tests.plist";
				IPHONEOS_DEPLOYMENT_TARGET = 10.0;
				LD_RUNPATH_SEARCH_PATHS = "$(inherited) @executable_path/Frameworks @loader_path/Frameworks";
				PRODUCT_BUNDLE_IDENTIFIER = "org.tinrobots.CoreDataPlus-Tests-iOS";
				PRODUCT_NAME = "$(TARGET_NAME)";
				SWIFT_VERSION = 4.0;
				TARGETED_DEVICE_FAMILY = "1,2";
			};
			name = Debug;
		};
		23EFDE971F95FE730038BE75 /* Release */ = {
			isa = XCBuildConfiguration;
			buildSettings = {
				CODE_SIGN_IDENTITY = "iPhone Developer";
				CODE_SIGN_STYLE = Automatic;
				DEVELOPMENT_TEAM = "";
				INFOPLIST_FILE = "Support/Info-Tests.plist";
				IPHONEOS_DEPLOYMENT_TARGET = 10.0;
				LD_RUNPATH_SEARCH_PATHS = "$(inherited) @executable_path/Frameworks @loader_path/Frameworks";
				PRODUCT_BUNDLE_IDENTIFIER = "org.tinrobots.CoreDataPlus-Tests-iOS";
				PRODUCT_NAME = "$(TARGET_NAME)";
				SWIFT_VERSION = 4.0;
				TARGETED_DEVICE_FAMILY = "1,2";
			};
			name = Release;
		};
		23EFDEA51F95FE990038BE75 /* Debug */ = {
			isa = XCBuildConfiguration;
			buildSettings = {
				CODE_SIGN_STYLE = Automatic;
				INFOPLIST_FILE = "Support/Info-Tests.plist";
				LD_RUNPATH_SEARCH_PATHS = "$(inherited) @executable_path/Frameworks @loader_path/Frameworks";
				PRODUCT_BUNDLE_IDENTIFIER = "org.tinrobots.CoreDataPlus-Tests-tvOS";
				PRODUCT_NAME = "$(TARGET_NAME)";
				SDKROOT = appletvos;
				SWIFT_VERSION = 4.0;
				TARGETED_DEVICE_FAMILY = 3;
				TVOS_DEPLOYMENT_TARGET = 10.0;
			};
			name = Debug;
		};
		23EFDEA61F95FE990038BE75 /* Release */ = {
			isa = XCBuildConfiguration;
			buildSettings = {
				CODE_SIGN_STYLE = Automatic;
				INFOPLIST_FILE = "Support/Info-Tests.plist";
				LD_RUNPATH_SEARCH_PATHS = "$(inherited) @executable_path/Frameworks @loader_path/Frameworks";
				PRODUCT_BUNDLE_IDENTIFIER = "org.tinrobots.CoreDataPlus-Tests-tvOS";
				PRODUCT_NAME = "$(TARGET_NAME)";
				SDKROOT = appletvos;
				SWIFT_VERSION = 4.0;
				TARGETED_DEVICE_FAMILY = 3;
				TVOS_DEPLOYMENT_TARGET = 10.0;
			};
			name = Release;
		};
		23EFDEB41F95FEB50038BE75 /* Debug */ = {
			isa = XCBuildConfiguration;
			buildSettings = {
				CODE_SIGN_IDENTITY = "-";
				CODE_SIGN_STYLE = Automatic;
				COMBINE_HIDPI_IMAGES = YES;
				INFOPLIST_FILE = "Support/Info-Tests.plist";
				LD_RUNPATH_SEARCH_PATHS = "$(inherited) @executable_path/../Frameworks @loader_path/../Frameworks";
				MACOSX_DEPLOYMENT_TARGET = 10.13;
				PRODUCT_BUNDLE_IDENTIFIER = "org.tinrobots.CoreDataPlus-Tests-macOS";
				PRODUCT_NAME = "$(TARGET_NAME)";
				SDKROOT = macosx;
				SWIFT_VERSION = 4.0;
			};
			name = Debug;
		};
		23EFDEB51F95FEB50038BE75 /* Release */ = {
			isa = XCBuildConfiguration;
			buildSettings = {
				CODE_SIGN_IDENTITY = "-";
				CODE_SIGN_STYLE = Automatic;
				COMBINE_HIDPI_IMAGES = YES;
				INFOPLIST_FILE = "Support/Info-Tests.plist";
				LD_RUNPATH_SEARCH_PATHS = "$(inherited) @executable_path/../Frameworks @loader_path/../Frameworks";
				MACOSX_DEPLOYMENT_TARGET = 10.13;
				PRODUCT_BUNDLE_IDENTIFIER = "org.tinrobots.CoreDataPlus-Tests-macOS";
				PRODUCT_NAME = "$(TARGET_NAME)";
				SDKROOT = macosx;
				SWIFT_VERSION = 4.0;
			};
			name = Release;
		};
/* End XCBuildConfiguration section */

/* Begin XCConfigurationList section */
		236350791F95EC1A00B3A16A /* Build configuration list for PBXNativeTarget "CoreDataPlus watchOS" */ = {
			isa = XCConfigurationList;
			buildConfigurations = (
				2363507A1F95EC1A00B3A16A /* Debug */,
				2363507B1F95EC1A00B3A16A /* Release */,
			);
			defaultConfigurationIsVisible = 0;
			defaultConfigurationName = Release;
		};
		236350921F95EC3000B3A16A /* Build configuration list for PBXNativeTarget "CoreDataPlus tvOS" */ = {
			isa = XCConfigurationList;
			buildConfigurations = (
				236350931F95EC3000B3A16A /* Debug */,
				236350941F95EC3000B3A16A /* Release */,
			);
			defaultConfigurationIsVisible = 0;
			defaultConfigurationName = Release;
		};
		236350AE1F95EC5600B3A16A /* Build configuration list for PBXNativeTarget "CoreDataPlus macOS" */ = {
			isa = XCConfigurationList;
			buildConfigurations = (
				236350AF1F95EC5600B3A16A /* Debug */,
				236350B01F95EC5600B3A16A /* Release */,
			);
			defaultConfigurationIsVisible = 0;
			defaultConfigurationName = Release;
		};
		2364CE541FA383F00076F2B8 /* Build configuration list for PBXAggregateTarget "SwiftLint" */ = {
			isa = XCConfigurationList;
			buildConfigurations = (
				2364CE521FA383EF0076F2B8 /* Debug */,
				2364CE531FA383EF0076F2B8 /* Release */,
			);
			defaultConfigurationIsVisible = 0;
			defaultConfigurationName = Release;
		};
		2364CE571FA3843D0076F2B8 /* Build configuration list for PBXAggregateTarget "Cleanup Whitespace" */ = {
			isa = XCConfigurationList;
			buildConfigurations = (
				2364CE581FA3843D0076F2B8 /* Debug */,
				2364CE591FA3843D0076F2B8 /* Release */,
			);
			defaultConfigurationIsVisible = 0;
			defaultConfigurationName = Release;
		};
		23B580641F94FEDF00A365C0 /* Build configuration list for PBXProject "CoreDataPlus" */ = {
			isa = XCConfigurationList;
			buildConfigurations = (
				23B5807C1F94FEDF00A365C0 /* Debug */,
				23B5807D1F94FEDF00A365C0 /* Release */,
			);
			defaultConfigurationIsVisible = 0;
			defaultConfigurationName = Release;
		};
		23B5807E1F94FEDF00A365C0 /* Build configuration list for PBXNativeTarget "CoreDataPlus iOS" */ = {
			isa = XCConfigurationList;
			buildConfigurations = (
				23B5807F1F94FEDF00A365C0 /* Debug */,
				23B580801F94FEDF00A365C0 /* Release */,
			);
			defaultConfigurationIsVisible = 0;
			defaultConfigurationName = Release;
		};
		23EFDE951F95FE730038BE75 /* Build configuration list for PBXNativeTarget "CoreDataPlus Tests iOS" */ = {
			isa = XCConfigurationList;
			buildConfigurations = (
				23EFDE961F95FE730038BE75 /* Debug */,
				23EFDE971F95FE730038BE75 /* Release */,
			);
			defaultConfigurationIsVisible = 0;
			defaultConfigurationName = Release;
		};
		23EFDEA41F95FE990038BE75 /* Build configuration list for PBXNativeTarget "CoreDataPlus Tests tvOS" */ = {
			isa = XCConfigurationList;
			buildConfigurations = (
				23EFDEA51F95FE990038BE75 /* Debug */,
				23EFDEA61F95FE990038BE75 /* Release */,
			);
			defaultConfigurationIsVisible = 0;
			defaultConfigurationName = Release;
		};
		23EFDEB31F95FEB50038BE75 /* Build configuration list for PBXNativeTarget "CoreDataPlus Tests macOS" */ = {
			isa = XCConfigurationList;
			buildConfigurations = (
				23EFDEB41F95FEB50038BE75 /* Debug */,
				23EFDEB51F95FEB50038BE75 /* Release */,
			);
			defaultConfigurationIsVisible = 0;
			defaultConfigurationName = Release;
		};
/* End XCConfigurationList section */

/* Begin XCVersionGroup section */
		23DAFA231F9641BD0058654B /* SampleModel.xcdatamodeld */ = {
			isa = XCVersionGroup;
			children = (
				23DAFA241F9641BD0058654B /* SampleModel.xcdatamodel */,
			);
			currentVersion = 23DAFA241F9641BD0058654B /* SampleModel.xcdatamodel */;
			path = SampleModel.xcdatamodeld;
			sourceTree = "<group>";
			versionGroupType = wrapper.xcdatamodel;
		};
/* End XCVersionGroup section */
	};
	rootObject = 23B580611F94FEDF00A365C0 /* Project object */;
}
