// !$*UTF8*$!
{
	archiveVersion = 1;
	classes = {
	};
	objectVersion = 46;
	objects = {

/* Begin PBXBuildFile section */
		738AC53017D26D01004DE3E5 /* MHWCoreDataTests.m in Sources */ = {isa = PBXBuildFile; fileRef = 738AC52F17D26D01004DE3E5 /* MHWCoreDataTests.m */; };
		739100B817CBF03500383BD0 /* UIKit.framework in Frameworks */ = {isa = PBXBuildFile; fileRef = 739100B717CBF03500383BD0 /* UIKit.framework */; };
		739100BA17CBF03500383BD0 /* Foundation.framework in Frameworks */ = {isa = PBXBuildFile; fileRef = 739100B917CBF03500383BD0 /* Foundation.framework */; };
		739100BC17CBF03500383BD0 /* CoreGraphics.framework in Frameworks */ = {isa = PBXBuildFile; fileRef = 739100BB17CBF03500383BD0 /* CoreGraphics.framework */; };
		739100C217CBF03500383BD0 /* InfoPlist.strings in Resources */ = {isa = PBXBuildFile; fileRef = 739100C017CBF03500383BD0 /* InfoPlist.strings */; };
		739100C417CBF03500383BD0 /* main.m in Sources */ = {isa = PBXBuildFile; fileRef = 739100C317CBF03500383BD0 /* main.m */; };
		739100C817CBF03500383BD0 /* MHWAppDelegate.m in Sources */ = {isa = PBXBuildFile; fileRef = 739100C717CBF03500383BD0 /* MHWAppDelegate.m */; };
		739100CA17CBF03500383BD0 /* Default.png in Resources */ = {isa = PBXBuildFile; fileRef = 739100C917CBF03500383BD0 /* Default.png */; };
		739100CC17CBF03500383BD0 /* Default@2x.png in Resources */ = {isa = PBXBuildFile; fileRef = 739100CB17CBF03500383BD0 /* Default@2x.png */; };
		739100CE17CBF03500383BD0 /* Default-568h@2x.png in Resources */ = {isa = PBXBuildFile; fileRef = 739100CD17CBF03500383BD0 /* Default-568h@2x.png */; };
		739100D117CBF03500383BD0 /* MHWViewController.m in Sources */ = {isa = PBXBuildFile; fileRef = 739100D017CBF03500383BD0 /* MHWViewController.m */; };
		739100D417CBF03500383BD0 /* MHWViewController_iPhone.xib in Resources */ = {isa = PBXBuildFile; fileRef = 739100D217CBF03500383BD0 /* MHWViewController_iPhone.xib */; };
		739100D717CBF03500383BD0 /* MHWViewController_iPad.xib in Resources */ = {isa = PBXBuildFile; fileRef = 739100D517CBF03500383BD0 /* MHWViewController_iPad.xib */; };
		739100DF17CBF03500383BD0 /* SenTestingKit.framework in Frameworks */ = {isa = PBXBuildFile; fileRef = 739100DE17CBF03500383BD0 /* SenTestingKit.framework */; };
		739100E017CBF03500383BD0 /* UIKit.framework in Frameworks */ = {isa = PBXBuildFile; fileRef = 739100B717CBF03500383BD0 /* UIKit.framework */; };
		739100E117CBF03500383BD0 /* Foundation.framework in Frameworks */ = {isa = PBXBuildFile; fileRef = 739100B917CBF03500383BD0 /* Foundation.framework */; };
		739100E917CBF03500383BD0 /* InfoPlist.strings in Resources */ = {isa = PBXBuildFile; fileRef = 739100E717CBF03500383BD0 /* InfoPlist.strings */; };
		739100EC17CBF03500383BD0 /* MHWMigrationFromModel1Tests.m in Sources */ = {isa = PBXBuildFile; fileRef = 739100EB17CBF03500383BD0 /* MHWMigrationFromModel1Tests.m */; };
		739100F817CBF06000383BD0 /* MHWCoreDataController.m in Sources */ = {isa = PBXBuildFile; fileRef = 739100F717CBF06000383BD0 /* MHWCoreDataController.m */; };
		739100FE17CBF13800383BD0 /* Model.xcdatamodeld in Sources */ = {isa = PBXBuildFile; fileRef = 739100FC17CBF13800383BD0 /* Model.xcdatamodeld */; };
		7391010017CBF1A600383BD0 /* CoreData.framework in Frameworks */ = {isa = PBXBuildFile; fileRef = 739100FF17CBF1A600383BD0 /* CoreData.framework */; };
		7391010417CBF26600383BD0 /* NSFileManager+MHWAdditions.m in Sources */ = {isa = PBXBuildFile; fileRef = 7391010317CBF26600383BD0 /* NSFileManager+MHWAdditions.m */; };
		73BD5FE817CD36BA003D1AB8 /* MHWBookToBookPolicy.m in Sources */ = {isa = PBXBuildFile; fileRef = 73BD5FE717CD36BA003D1AB8 /* MHWBookToBookPolicy.m */; };
		73BFFFD917D3AAED0094E0BB /* Model1_to_Model2.xcmappingmodel in Sources */ = {isa = PBXBuildFile; fileRef = 73BFFFD817D3AAED0094E0BB /* Model1_to_Model2.xcmappingmodel */; };
		73BFFFDC17D3AEB40094E0BB /* Model2_to_Model3.xcmappingmodel in Sources */ = {isa = PBXBuildFile; fileRef = 73BFFFDB17D3AEB40094E0BB /* Model2_to_Model3.xcmappingmodel */; };
		73BFFFE217D3B4510094E0BB /* NSMigrationManager+Lookup.m in Sources */ = {isa = PBXBuildFile; fileRef = 73BFFFE117D3B4510094E0BB /* NSMigrationManager+Lookup.m */; };
		73C2046B17D1124B0051D6BD /* MHWMigrationManager.m in Sources */ = {isa = PBXBuildFile; fileRef = 73C2046A17D1124B0051D6BD /* MHWMigrationManager.m */; };
		73C2EBF017DB972C00855DA5 /* NSManagedObjectModel+MHWAdditions.m in Sources */ = {isa = PBXBuildFile; fileRef = 73C2EBEF17DB972C00855DA5 /* NSManagedObjectModel+MHWAdditions.m */; };
		73C2EBF317DBACAD00855DA5 /* Model2_to_Model3_User.xcmappingmodel in Sources */ = {isa = PBXBuildFile; fileRef = 73C2EBF217DBACAD00855DA5 /* Model2_to_Model3_User.xcmappingmodel */; };
		73DB63C417CE8BF0002CA975 /* CoreData.framework in Frameworks */ = {isa = PBXBuildFile; fileRef = 739100FF17CBF1A600383BD0 /* CoreData.framework */; };
		73E1761A17DBBB730046504B /* Model1.sqlite in Resources */ = {isa = PBXBuildFile; fileRef = 73E1761917DBBB730046504B /* Model1.sqlite */; };
		73E1761C17DBBC660046504B /* Model1.sqlite in Resources */ = {isa = PBXBuildFile; fileRef = 73E1761917DBBB730046504B /* Model1.sqlite */; };
/* End PBXBuildFile section */

/* Begin PBXContainerItemProxy section */
		739100E217CBF03500383BD0 /* PBXContainerItemProxy */ = {
			isa = PBXContainerItemProxy;
			containerPortal = 739100AC17CBF03500383BD0 /* Project object */;
			proxyType = 1;
			remoteGlobalIDString = 739100B317CBF03500383BD0;
			remoteInfo = BookMigration;
		};
/* End PBXContainerItemProxy section */

/* Begin PBXFileReference section */
		738AC52E17D26D01004DE3E5 /* MHWCoreDataTests.h */ = {isa = PBXFileReference; fileEncoding = 4; lastKnownFileType = sourcecode.c.h; path = MHWCoreDataTests.h; sourceTree = "<group>"; };
		738AC52F17D26D01004DE3E5 /* MHWCoreDataTests.m */ = {isa = PBXFileReference; fileEncoding = 4; lastKnownFileType = sourcecode.c.objc; path = MHWCoreDataTests.m; sourceTree = "<group>"; };
		739100B417CBF03500383BD0 /* BookMigration.app */ = {isa = PBXFileReference; explicitFileType = wrapper.application; includeInIndex = 0; path = BookMigration.app; sourceTree = BUILT_PRODUCTS_DIR; };
		739100B717CBF03500383BD0 /* UIKit.framework */ = {isa = PBXFileReference; lastKnownFileType = wrapper.framework; name = UIKit.framework; path = System/Library/Frameworks/UIKit.framework; sourceTree = SDKROOT; };
		739100B917CBF03500383BD0 /* Foundation.framework */ = {isa = PBXFileReference; lastKnownFileType = wrapper.framework; name = Foundation.framework; path = System/Library/Frameworks/Foundation.framework; sourceTree = SDKROOT; };
		739100BB17CBF03500383BD0 /* CoreGraphics.framework */ = {isa = PBXFileReference; lastKnownFileType = wrapper.framework; name = CoreGraphics.framework; path = System/Library/Frameworks/CoreGraphics.framework; sourceTree = SDKROOT; };
		739100BF17CBF03500383BD0 /* BookMigration-Info.plist */ = {isa = PBXFileReference; lastKnownFileType = text.plist.xml; path = "BookMigration-Info.plist"; sourceTree = "<group>"; };
		739100C117CBF03500383BD0 /* en */ = {isa = PBXFileReference; lastKnownFileType = text.plist.strings; name = en; path = en.lproj/InfoPlist.strings; sourceTree = "<group>"; };
		739100C317CBF03500383BD0 /* main.m */ = {isa = PBXFileReference; lastKnownFileType = sourcecode.c.objc; path = main.m; sourceTree = "<group>"; };
		739100C517CBF03500383BD0 /* BookMigration-Prefix.pch */ = {isa = PBXFileReference; lastKnownFileType = sourcecode.c.h; path = "BookMigration-Prefix.pch"; sourceTree = "<group>"; };
		739100C617CBF03500383BD0 /* MHWAppDelegate.h */ = {isa = PBXFileReference; lastKnownFileType = sourcecode.c.h; path = MHWAppDelegate.h; sourceTree = "<group>"; };
		739100C717CBF03500383BD0 /* MHWAppDelegate.m */ = {isa = PBXFileReference; lastKnownFileType = sourcecode.c.objc; path = MHWAppDelegate.m; sourceTree = "<group>"; };
		739100C917CBF03500383BD0 /* Default.png */ = {isa = PBXFileReference; lastKnownFileType = image.png; path = Default.png; sourceTree = "<group>"; };
		739100CB17CBF03500383BD0 /* Default@2x.png */ = {isa = PBXFileReference; lastKnownFileType = image.png; path = "Default@2x.png"; sourceTree = "<group>"; };
		739100CD17CBF03500383BD0 /* Default-568h@2x.png */ = {isa = PBXFileReference; lastKnownFileType = image.png; path = "Default-568h@2x.png"; sourceTree = "<group>"; };
		739100CF17CBF03500383BD0 /* MHWViewController.h */ = {isa = PBXFileReference; lastKnownFileType = sourcecode.c.h; path = MHWViewController.h; sourceTree = "<group>"; };
		739100D017CBF03500383BD0 /* MHWViewController.m */ = {isa = PBXFileReference; lastKnownFileType = sourcecode.c.objc; path = MHWViewController.m; sourceTree = "<group>"; };
		739100D317CBF03500383BD0 /* en */ = {isa = PBXFileReference; lastKnownFileType = file.xib; name = en; path = en.lproj/MHWViewController_iPhone.xib; sourceTree = "<group>"; };
		739100D617CBF03500383BD0 /* en */ = {isa = PBXFileReference; lastKnownFileType = file.xib; name = en; path = en.lproj/MHWViewController_iPad.xib; sourceTree = "<group>"; };
		739100DD17CBF03500383BD0 /* BookMigrationTests.octest */ = {isa = PBXFileReference; explicitFileType = wrapper.cfbundle; includeInIndex = 0; path = BookMigrationTests.octest; sourceTree = BUILT_PRODUCTS_DIR; };
		739100DE17CBF03500383BD0 /* SenTestingKit.framework */ = {isa = PBXFileReference; lastKnownFileType = wrapper.framework; name = SenTestingKit.framework; path = Library/Frameworks/SenTestingKit.framework; sourceTree = DEVELOPER_DIR; };
		739100E617CBF03500383BD0 /* BookMigrationTests-Info.plist */ = {isa = PBXFileReference; lastKnownFileType = text.plist.xml; path = "BookMigrationTests-Info.plist"; sourceTree = "<group>"; };
		739100E817CBF03500383BD0 /* en */ = {isa = PBXFileReference; lastKnownFileType = text.plist.strings; name = en; path = en.lproj/InfoPlist.strings; sourceTree = "<group>"; };
		739100EA17CBF03500383BD0 /* MHWMigrationFromModel1Tests.h */ = {isa = PBXFileReference; lastKnownFileType = sourcecode.c.h; path = MHWMigrationFromModel1Tests.h; sourceTree = "<group>"; };
		739100EB17CBF03500383BD0 /* MHWMigrationFromModel1Tests.m */ = {isa = PBXFileReference; lastKnownFileType = sourcecode.c.objc; path = MHWMigrationFromModel1Tests.m; sourceTree = "<group>"; };
		739100F617CBF06000383BD0 /* MHWCoreDataController.h */ = {isa = PBXFileReference; fileEncoding = 4; lastKnownFileType = sourcecode.c.h; path = MHWCoreDataController.h; sourceTree = "<group>"; };
		739100F717CBF06000383BD0 /* MHWCoreDataController.m */ = {isa = PBXFileReference; fileEncoding = 4; lastKnownFileType = sourcecode.c.objc; path = MHWCoreDataController.m; sourceTree = "<group>"; };
		739100FD17CBF13800383BD0 /* Model1.xcdatamodel */ = {isa = PBXFileReference; lastKnownFileType = wrapper.xcdatamodel; path = Model1.xcdatamodel; sourceTree = "<group>"; };
		739100FF17CBF1A600383BD0 /* CoreData.framework */ = {isa = PBXFileReference; lastKnownFileType = wrapper.framework; name = CoreData.framework; path = System/Library/Frameworks/CoreData.framework; sourceTree = SDKROOT; };
		7391010217CBF26600383BD0 /* NSFileManager+MHWAdditions.h */ = {isa = PBXFileReference; fileEncoding = 4; lastKnownFileType = sourcecode.c.h; path = "NSFileManager+MHWAdditions.h"; sourceTree = "<group>"; };
		7391010317CBF26600383BD0 /* NSFileManager+MHWAdditions.m */ = {isa = PBXFileReference; fileEncoding = 4; lastKnownFileType = sourcecode.c.objc; path = "NSFileManager+MHWAdditions.m"; sourceTree = "<group>"; };
		7391010517CBF42000383BD0 /* Model2.xcdatamodel */ = {isa = PBXFileReference; lastKnownFileType = wrapper.xcdatamodel; path = Model2.xcdatamodel; sourceTree = "<group>"; };
		73BD5FE617CD36BA003D1AB8 /* MHWBookToBookPolicy.h */ = {isa = PBXFileReference; fileEncoding = 4; lastKnownFileType = sourcecode.c.h; path = MHWBookToBookPolicy.h; sourceTree = "<group>"; };
		73BD5FE717CD36BA003D1AB8 /* MHWBookToBookPolicy.m */ = {isa = PBXFileReference; fileEncoding = 4; lastKnownFileType = sourcecode.c.objc; path = MHWBookToBookPolicy.m; sourceTree = "<group>"; };
		73BFFFD817D3AAED0094E0BB /* Model1_to_Model2.xcmappingmodel */ = {isa = PBXFileReference; lastKnownFileType = wrapper.xcmappingmodel; path = Model1_to_Model2.xcmappingmodel; sourceTree = "<group>"; };
		73BFFFDA17D3AB2A0094E0BB /* Model3.xcdatamodel */ = {isa = PBXFileReference; lastKnownFileType = wrapper.xcdatamodel; path = Model3.xcdatamodel; sourceTree = "<group>"; };
		73BFFFDB17D3AEB40094E0BB /* Model2_to_Model3.xcmappingmodel */ = {isa = PBXFileReference; lastKnownFileType = wrapper.xcmappingmodel; path = Model2_to_Model3.xcmappingmodel; sourceTree = "<group>"; };
		73BFFFE017D3B4510094E0BB /* NSMigrationManager+Lookup.h */ = {isa = PBXFileReference; fileEncoding = 4; lastKnownFileType = sourcecode.c.h; path = "NSMigrationManager+Lookup.h"; sourceTree = "<group>"; };
		73BFFFE117D3B4510094E0BB /* NSMigrationManager+Lookup.m */ = {isa = PBXFileReference; fileEncoding = 4; lastKnownFileType = sourcecode.c.objc; path = "NSMigrationManager+Lookup.m"; sourceTree = "<group>"; };
		73BFFFE317D3B6730094E0BB /* MHWMigrationFromModel2Tests.h */ = {isa = PBXFileReference; fileEncoding = 4; lastKnownFileType = sourcecode.c.h; path = MHWMigrationFromModel2Tests.h; sourceTree = "<group>"; };
		73BFFFE417D3B6730094E0BB /* MHWMigrationFromModel2Tests.m */ = {isa = PBXFileReference; fileEncoding = 4; lastKnownFileType = sourcecode.c.objc; path = MHWMigrationFromModel2Tests.m; sourceTree = "<group>"; };
		73C2046917D1124B0051D6BD /* MHWMigrationManager.h */ = {isa = PBXFileReference; fileEncoding = 4; lastKnownFileType = sourcecode.c.h; path = MHWMigrationManager.h; sourceTree = "<group>"; };
		73C2046A17D1124B0051D6BD /* MHWMigrationManager.m */ = {isa = PBXFileReference; fileEncoding = 4; lastKnownFileType = sourcecode.c.objc; path = MHWMigrationManager.m; sourceTree = "<group>"; };
		73C2EBEE17DB972C00855DA5 /* NSManagedObjectModel+MHWAdditions.h */ = {isa = PBXFileReference; fileEncoding = 4; lastKnownFileType = sourcecode.c.h; path = "NSManagedObjectModel+MHWAdditions.h"; sourceTree = "<group>"; };
		73C2EBEF17DB972C00855DA5 /* NSManagedObjectModel+MHWAdditions.m */ = {isa = PBXFileReference; fileEncoding = 4; lastKnownFileType = sourcecode.c.objc; path = "NSManagedObjectModel+MHWAdditions.m"; sourceTree = "<group>"; };
		73C2EBF217DBACAD00855DA5 /* Model2_to_Model3_User.xcmappingmodel */ = {isa = PBXFileReference; lastKnownFileType = wrapper.xcmappingmodel; path = Model2_to_Model3_User.xcmappingmodel; sourceTree = "<group>"; };
		73E1761917DBBB730046504B /* Model1.sqlite */ = {isa = PBXFileReference; lastKnownFileType = file; path = Model1.sqlite; sourceTree = "<group>"; };
/* End PBXFileReference section */

/* Begin PBXFrameworksBuildPhase section */
		739100B117CBF03500383BD0 /* Frameworks */ = {
			isa = PBXFrameworksBuildPhase;
			buildActionMask = 2147483647;
			files = (
				7391010017CBF1A600383BD0 /* CoreData.framework in Frameworks */,
				739100B817CBF03500383BD0 /* UIKit.framework in Frameworks */,
				739100BA17CBF03500383BD0 /* Foundation.framework in Frameworks */,
				739100BC17CBF03500383BD0 /* CoreGraphics.framework in Frameworks */,
			);
			runOnlyForDeploymentPostprocessing = 0;
		};
		739100D917CBF03500383BD0 /* Frameworks */ = {
			isa = PBXFrameworksBuildPhase;
			buildActionMask = 2147483647;
			files = (
				73DB63C417CE8BF0002CA975 /* CoreData.framework in Frameworks */,
				739100DF17CBF03500383BD0 /* SenTestingKit.framework in Frameworks */,
				739100E017CBF03500383BD0 /* UIKit.framework in Frameworks */,
				739100E117CBF03500383BD0 /* Foundation.framework in Frameworks */,
			);
			runOnlyForDeploymentPostprocessing = 0;
		};
/* End PBXFrameworksBuildPhase section */

/* Begin PBXGroup section */
		739100AB17CBF03500383BD0 = {
			isa = PBXGroup;
			children = (
				739100BD17CBF03500383BD0 /* BookMigration */,
				739100E417CBF03500383BD0 /* BookMigrationTests */,
				739100B617CBF03500383BD0 /* Frameworks */,
				739100B517CBF03500383BD0 /* Products */,
			);
			sourceTree = "<group>";
		};
		739100B517CBF03500383BD0 /* Products */ = {
			isa = PBXGroup;
			children = (
				739100B417CBF03500383BD0 /* BookMigration.app */,
				739100DD17CBF03500383BD0 /* BookMigrationTests.octest */,
			);
			name = Products;
			sourceTree = "<group>";
		};
		739100B617CBF03500383BD0 /* Frameworks */ = {
			isa = PBXGroup;
			children = (
				739100FF17CBF1A600383BD0 /* CoreData.framework */,
				739100B717CBF03500383BD0 /* UIKit.framework */,
				739100B917CBF03500383BD0 /* Foundation.framework */,
				739100BB17CBF03500383BD0 /* CoreGraphics.framework */,
				739100DE17CBF03500383BD0 /* SenTestingKit.framework */,
			);
			name = Frameworks;
			sourceTree = "<group>";
		};
		739100BD17CBF03500383BD0 /* BookMigration */ = {
			isa = PBXGroup;
			children = (
				7391010117CBF24A00383BD0 /* Additions */,
				739100F517CBF04300383BD0 /* CoreData */,
				739100C617CBF03500383BD0 /* MHWAppDelegate.h */,
				739100C717CBF03500383BD0 /* MHWAppDelegate.m */,
				739100CF17CBF03500383BD0 /* MHWViewController.h */,
				739100D017CBF03500383BD0 /* MHWViewController.m */,
				739100D217CBF03500383BD0 /* MHWViewController_iPhone.xib */,
				739100D517CBF03500383BD0 /* MHWViewController_iPad.xib */,
				739100BE17CBF03500383BD0 /* Supporting Files */,
			);
			path = BookMigration;
			sourceTree = "<group>";
		};
		739100BE17CBF03500383BD0 /* Supporting Files */ = {
			isa = PBXGroup;
			children = (
				73E1761917DBBB730046504B /* Model1.sqlite */,
				739100BF17CBF03500383BD0 /* BookMigration-Info.plist */,
				739100C017CBF03500383BD0 /* InfoPlist.strings */,
				739100C317CBF03500383BD0 /* main.m */,
				739100C517CBF03500383BD0 /* BookMigration-Prefix.pch */,
				739100C917CBF03500383BD0 /* Default.png */,
				739100CB17CBF03500383BD0 /* Default@2x.png */,
				739100CD17CBF03500383BD0 /* Default-568h@2x.png */,
				739100FC17CBF13800383BD0 /* Model.xcdatamodeld */,
				73BFFFD817D3AAED0094E0BB /* Model1_to_Model2.xcmappingmodel */,
				73BFFFDB17D3AEB40094E0BB /* Model2_to_Model3.xcmappingmodel */,
				73C2EBF217DBACAD00855DA5 /* Model2_to_Model3_User.xcmappingmodel */,
			);
			name = "Supporting Files";
			sourceTree = "<group>";
		};
		739100E417CBF03500383BD0 /* BookMigrationTests */ = {
			isa = PBXGroup;
			children = (
				738AC52E17D26D01004DE3E5 /* MHWCoreDataTests.h */,
				738AC52F17D26D01004DE3E5 /* MHWCoreDataTests.m */,
				739100EA17CBF03500383BD0 /* MHWMigrationFromModel1Tests.h */,
				739100EB17CBF03500383BD0 /* MHWMigrationFromModel1Tests.m */,
				73BFFFE317D3B6730094E0BB /* MHWMigrationFromModel2Tests.h */,
				73BFFFE417D3B6730094E0BB /* MHWMigrationFromModel2Tests.m */,
				739100E517CBF03500383BD0 /* Supporting Files */,
			);
			path = BookMigrationTests;
			sourceTree = "<group>";
		};
		739100E517CBF03500383BD0 /* Supporting Files */ = {
			isa = PBXGroup;
			children = (
				739100E617CBF03500383BD0 /* BookMigrationTests-Info.plist */,
				739100E717CBF03500383BD0 /* InfoPlist.strings */,
			);
			name = "Supporting Files";
			sourceTree = "<group>";
		};
		739100F517CBF04300383BD0 /* CoreData */ = {
			isa = PBXGroup;
			children = (
				739100F617CBF06000383BD0 /* MHWCoreDataController.h */,
				739100F717CBF06000383BD0 /* MHWCoreDataController.m */,
				73C2046917D1124B0051D6BD /* MHWMigrationManager.h */,
				73C2046A17D1124B0051D6BD /* MHWMigrationManager.m */,
				73BFFFE017D3B4510094E0BB /* NSMigrationManager+Lookup.h */,
				73BFFFE117D3B4510094E0BB /* NSMigrationManager+Lookup.m */,
				73C2EBEE17DB972C00855DA5 /* NSManagedObjectModel+MHWAdditions.h */,
				73C2EBEF17DB972C00855DA5 /* NSManagedObjectModel+MHWAdditions.m */,
				73BD5FE517CD369D003D1AB8 /* Custom Policies */,
			);
			name = CoreData;
			sourceTree = "<group>";
		};
		7391010117CBF24A00383BD0 /* Additions */ = {
			isa = PBXGroup;
			children = (
				7391010217CBF26600383BD0 /* NSFileManager+MHWAdditions.h */,
				7391010317CBF26600383BD0 /* NSFileManager+MHWAdditions.m */,
			);
			name = Additions;
			sourceTree = "<group>";
		};
		73BD5FE517CD369D003D1AB8 /* Custom Policies */ = {
			isa = PBXGroup;
			children = (
				73BD5FE617CD36BA003D1AB8 /* MHWBookToBookPolicy.h */,
				73BD5FE717CD36BA003D1AB8 /* MHWBookToBookPolicy.m */,
			);
			name = "Custom Policies";
			sourceTree = "<group>";
		};
/* End PBXGroup section */

/* Begin PBXNativeTarget section */
		739100B317CBF03500383BD0 /* BookMigration */ = {
			isa = PBXNativeTarget;
			buildConfigurationList = 739100EF17CBF03500383BD0 /* Build configuration list for PBXNativeTarget "BookMigration" */;
			buildPhases = (
				739100B017CBF03500383BD0 /* Sources */,
				739100B117CBF03500383BD0 /* Frameworks */,
				739100B217CBF03500383BD0 /* Resources */,
			);
			buildRules = (
			);
			dependencies = (
			);
			name = BookMigration;
			productName = BookMigration;
			productReference = 739100B417CBF03500383BD0 /* BookMigration.app */;
			productType = "com.apple.product-type.application";
		};
		739100DC17CBF03500383BD0 /* BookMigrationTests */ = {
			isa = PBXNativeTarget;
			buildConfigurationList = 739100F217CBF03500383BD0 /* Build configuration list for PBXNativeTarget "BookMigrationTests" */;
			buildPhases = (
				739100D817CBF03500383BD0 /* Sources */,
				739100D917CBF03500383BD0 /* Frameworks */,
				739100DA17CBF03500383BD0 /* Resources */,
				739100DB17CBF03500383BD0 /* ShellScript */,
			);
			buildRules = (
			);
			dependencies = (
				739100E317CBF03500383BD0 /* PBXTargetDependency */,
			);
			name = BookMigrationTests;
			productName = BookMigrationTests;
			productReference = 739100DD17CBF03500383BD0 /* BookMigrationTests.octest */;
			productType = "com.apple.product-type.bundle";
		};
/* End PBXNativeTarget section */

/* Begin PBXProject section */
		739100AC17CBF03500383BD0 /* Project object */ = {
			isa = PBXProject;
			attributes = {
				CLASSPREFIX = MHW;
				LastUpgradeCheck = 0460;
				ORGANIZATIONNAME = "Martin Hwasser";
			};
			buildConfigurationList = 739100AF17CBF03500383BD0 /* Build configuration list for PBXProject "BookMigration" */;
			compatibilityVersion = "Xcode 3.2";
			developmentRegion = English;
			hasScannedForEncodings = 0;
			knownRegions = (
				en,
			);
			mainGroup = 739100AB17CBF03500383BD0;
			productRefGroup = 739100B517CBF03500383BD0 /* Products */;
			projectDirPath = "";
			projectRoot = "";
			targets = (
				739100B317CBF03500383BD0 /* BookMigration */,
				739100DC17CBF03500383BD0 /* BookMigrationTests */,
			);
		};
/* End PBXProject section */

/* Begin PBXResourcesBuildPhase section */
		739100B217CBF03500383BD0 /* Resources */ = {
			isa = PBXResourcesBuildPhase;
			buildActionMask = 2147483647;
			files = (
				739100C217CBF03500383BD0 /* InfoPlist.strings in Resources */,
				739100CA17CBF03500383BD0 /* Default.png in Resources */,
				739100CC17CBF03500383BD0 /* Default@2x.png in Resources */,
				739100CE17CBF03500383BD0 /* Default-568h@2x.png in Resources */,
				739100D417CBF03500383BD0 /* MHWViewController_iPhone.xib in Resources */,
				739100D717CBF03500383BD0 /* MHWViewController_iPad.xib in Resources */,
				73E1761C17DBBC660046504B /* Model1.sqlite in Resources */,
			);
			runOnlyForDeploymentPostprocessing = 0;
		};
		739100DA17CBF03500383BD0 /* Resources */ = {
			isa = PBXResourcesBuildPhase;
			buildActionMask = 2147483647;
			files = (
				739100E917CBF03500383BD0 /* InfoPlist.strings in Resources */,
				73E1761A17DBBB730046504B /* Model1.sqlite in Resources */,
			);
			runOnlyForDeploymentPostprocessing = 0;
		};
/* End PBXResourcesBuildPhase section */

/* Begin PBXShellScriptBuildPhase section */
		739100DB17CBF03500383BD0 /* ShellScript */ = {
			isa = PBXShellScriptBuildPhase;
			buildActionMask = 2147483647;
			files = (
			);
			inputPaths = (
			);
			outputPaths = (
			);
			runOnlyForDeploymentPostprocessing = 0;
			shellPath = /bin/sh;
			shellScript = "# Run the unit tests in this test bundle.\n\"${SYSTEM_DEVELOPER_DIR}/Tools/RunUnitTests\"\n";
		};
/* End PBXShellScriptBuildPhase section */

/* Begin PBXSourcesBuildPhase section */
		739100B017CBF03500383BD0 /* Sources */ = {
			isa = PBXSourcesBuildPhase;
			buildActionMask = 2147483647;
			files = (
				739100C417CBF03500383BD0 /* main.m in Sources */,
				739100C817CBF03500383BD0 /* MHWAppDelegate.m in Sources */,
				739100D117CBF03500383BD0 /* MHWViewController.m in Sources */,
				739100F817CBF06000383BD0 /* MHWCoreDataController.m in Sources */,
				739100FE17CBF13800383BD0 /* Model.xcdatamodeld in Sources */,
				7391010417CBF26600383BD0 /* NSFileManager+MHWAdditions.m in Sources */,
				73BD5FE817CD36BA003D1AB8 /* MHWBookToBookPolicy.m in Sources */,
				73C2046B17D1124B0051D6BD /* MHWMigrationManager.m in Sources */,
				73BFFFD917D3AAED0094E0BB /* Model1_to_Model2.xcmappingmodel in Sources */,
				73BFFFDC17D3AEB40094E0BB /* Model2_to_Model3.xcmappingmodel in Sources */,
				73BFFFE217D3B4510094E0BB /* NSMigrationManager+Lookup.m in Sources */,
				73C2EBF017DB972C00855DA5 /* NSManagedObjectModel+MHWAdditions.m in Sources */,
				73C2EBF317DBACAD00855DA5 /* Model2_to_Model3_User.xcmappingmodel in Sources */,
			);
			runOnlyForDeploymentPostprocessing = 0;
		};
		739100D817CBF03500383BD0 /* Sources */ = {
			isa = PBXSourcesBuildPhase;
			buildActionMask = 2147483647;
			files = (
				739100EC17CBF03500383BD0 /* MHWMigrationFromModel1Tests.m in Sources */,
				738AC53017D26D01004DE3E5 /* MHWCoreDataTests.m in Sources */,
			);
			runOnlyForDeploymentPostprocessing = 0;
		};
/* End PBXSourcesBuildPhase section */

/* Begin PBXTargetDependency section */
		739100E317CBF03500383BD0 /* PBXTargetDependency */ = {
			isa = PBXTargetDependency;
			target = 739100B317CBF03500383BD0 /* BookMigration */;
			targetProxy = 739100E217CBF03500383BD0 /* PBXContainerItemProxy */;
		};
/* End PBXTargetDependency section */

/* Begin PBXVariantGroup section */
		739100C017CBF03500383BD0 /* InfoPlist.strings */ = {
			isa = PBXVariantGroup;
			children = (
				739100C117CBF03500383BD0 /* en */,
			);
			name = InfoPlist.strings;
			sourceTree = "<group>";
		};
		739100D217CBF03500383BD0 /* MHWViewController_iPhone.xib */ = {
			isa = PBXVariantGroup;
			children = (
				739100D317CBF03500383BD0 /* en */,
			);
			name = MHWViewController_iPhone.xib;
			sourceTree = "<group>";
		};
		739100D517CBF03500383BD0 /* MHWViewController_iPad.xib */ = {
			isa = PBXVariantGroup;
			children = (
				739100D617CBF03500383BD0 /* en */,
			);
			name = MHWViewController_iPad.xib;
			sourceTree = "<group>";
		};
		739100E717CBF03500383BD0 /* InfoPlist.strings */ = {
			isa = PBXVariantGroup;
			children = (
				739100E817CBF03500383BD0 /* en */,
			);
			name = InfoPlist.strings;
			sourceTree = "<group>";
		};
/* End PBXVariantGroup section */

/* Begin XCBuildConfiguration section */
		739100ED17CBF03500383BD0 /* Debug */ = {
			isa = XCBuildConfiguration;
			buildSettings = {
				ALWAYS_SEARCH_USER_PATHS = NO;
				CLANG_CXX_LANGUAGE_STANDARD = "gnu++0x";
				CLANG_CXX_LIBRARY = "libc++";
				CLANG_ENABLE_OBJC_ARC = YES;
				CLANG_WARN_CONSTANT_CONVERSION = YES;
				CLANG_WARN_EMPTY_BODY = YES;
				CLANG_WARN_ENUM_CONVERSION = YES;
				CLANG_WARN_INT_CONVERSION = YES;
				CLANG_WARN__DUPLICATE_METHOD_MATCH = YES;
				"CODE_SIGN_IDENTITY[sdk=iphoneos*]" = "iPhone Developer";
				COPY_PHASE_STRIP = NO;
				GCC_C_LANGUAGE_STANDARD = gnu99;
				GCC_DYNAMIC_NO_PIC = NO;
				GCC_OPTIMIZATION_LEVEL = 0;
				GCC_PREPROCESSOR_DEFINITIONS = (
					"DEBUG=1",
					"$(inherited)",
				);
				GCC_SYMBOLS_PRIVATE_EXTERN = NO;
				GCC_WARN_ABOUT_RETURN_TYPE = YES;
				GCC_WARN_UNINITIALIZED_AUTOS = YES;
				GCC_WARN_UNUSED_VARIABLE = YES;
				IPHONEOS_DEPLOYMENT_TARGET = 6.1;
				ONLY_ACTIVE_ARCH = YES;
				SDKROOT = iphoneos;
				TARGETED_DEVICE_FAMILY = "1,2";
			};
			name = Debug;
		};
		739100EE17CBF03500383BD0 /* Release */ = {
			isa = XCBuildConfiguration;
			buildSettings = {
				ALWAYS_SEARCH_USER_PATHS = NO;
				CLANG_CXX_LANGUAGE_STANDARD = "gnu++0x";
				CLANG_CXX_LIBRARY = "libc++";
				CLANG_ENABLE_OBJC_ARC = YES;
				CLANG_WARN_CONSTANT_CONVERSION = YES;
				CLANG_WARN_EMPTY_BODY = YES;
				CLANG_WARN_ENUM_CONVERSION = YES;
				CLANG_WARN_INT_CONVERSION = YES;
				CLANG_WARN__DUPLICATE_METHOD_MATCH = YES;
				"CODE_SIGN_IDENTITY[sdk=iphoneos*]" = "iPhone Developer";
				COPY_PHASE_STRIP = YES;
				GCC_C_LANGUAGE_STANDARD = gnu99;
				GCC_WARN_ABOUT_RETURN_TYPE = YES;
				GCC_WARN_UNINITIALIZED_AUTOS = YES;
				GCC_WARN_UNUSED_VARIABLE = YES;
				IPHONEOS_DEPLOYMENT_TARGET = 6.1;
				OTHER_CFLAGS = "-DNS_BLOCK_ASSERTIONS=1";
				SDKROOT = iphoneos;
				TARGETED_DEVICE_FAMILY = "1,2";
				VALIDATE_PRODUCT = YES;
			};
			name = Release;
		};
		739100F017CBF03500383BD0 /* Debug */ = {
			isa = XCBuildConfiguration;
			buildSettings = {
				GCC_PRECOMPILE_PREFIX_HEADER = YES;
				GCC_PREFIX_HEADER = "BookMigration/BookMigration-Prefix.pch";
				INFOPLIST_FILE = "BookMigration/BookMigration-Info.plist";
				PRODUCT_NAME = "$(TARGET_NAME)";
				WRAPPER_EXTENSION = app;
			};
			name = Debug;
		};
		739100F117CBF03500383BD0 /* Release */ = {
			isa = XCBuildConfiguration;
			buildSettings = {
				GCC_PRECOMPILE_PREFIX_HEADER = YES;
				GCC_PREFIX_HEADER = "BookMigration/BookMigration-Prefix.pch";
				INFOPLIST_FILE = "BookMigration/BookMigration-Info.plist";
				PRODUCT_NAME = "$(TARGET_NAME)";
				WRAPPER_EXTENSION = app;
			};
			name = Release;
		};
		739100F317CBF03500383BD0 /* Debug */ = {
			isa = XCBuildConfiguration;
			buildSettings = {
				BUNDLE_LOADER = "$(BUILT_PRODUCTS_DIR)/BookMigration.app/BookMigration";
				FRAMEWORK_SEARCH_PATHS = (
					"\"$(SDKROOT)/Developer/Library/Frameworks\"",
					"\"$(DEVELOPER_LIBRARY_DIR)/Frameworks\"",
				);
				GCC_PRECOMPILE_PREFIX_HEADER = YES;
				GCC_PREFIX_HEADER = "BookMigration/BookMigration-Prefix.pch";
				INFOPLIST_FILE = "BookMigrationTests/BookMigrationTests-Info.plist";
				PRODUCT_NAME = "$(TARGET_NAME)";
				TEST_HOST = "$(BUNDLE_LOADER)";
				WRAPPER_EXTENSION = octest;
			};
			name = Debug;
		};
		739100F417CBF03500383BD0 /* Release */ = {
			isa = XCBuildConfiguration;
			buildSettings = {
				BUNDLE_LOADER = "$(BUILT_PRODUCTS_DIR)/BookMigration.app/BookMigration";
				FRAMEWORK_SEARCH_PATHS = (
					"\"$(SDKROOT)/Developer/Library/Frameworks\"",
					"\"$(DEVELOPER_LIBRARY_DIR)/Frameworks\"",
				);
				GCC_PRECOMPILE_PREFIX_HEADER = YES;
				GCC_PREFIX_HEADER = "BookMigration/BookMigration-Prefix.pch";
				INFOPLIST_FILE = "BookMigrationTests/BookMigrationTests-Info.plist";
				PRODUCT_NAME = "$(TARGET_NAME)";
				TEST_HOST = "$(BUNDLE_LOADER)";
				WRAPPER_EXTENSION = octest;
			};
			name = Release;
		};
/* End XCBuildConfiguration section */

/* Begin XCConfigurationList section */
		739100AF17CBF03500383BD0 /* Build configuration list for PBXProject "BookMigration" */ = {
			isa = XCConfigurationList;
			buildConfigurations = (
				739100ED17CBF03500383BD0 /* Debug */,
				739100EE17CBF03500383BD0 /* Release */,
			);
			defaultConfigurationIsVisible = 0;
			defaultConfigurationName = Release;
		};
		739100EF17CBF03500383BD0 /* Build configuration list for PBXNativeTarget "BookMigration" */ = {
			isa = XCConfigurationList;
			buildConfigurations = (
				739100F017CBF03500383BD0 /* Debug */,
				739100F117CBF03500383BD0 /* Release */,
			);
			defaultConfigurationIsVisible = 0;
			defaultConfigurationName = Release;
		};
		739100F217CBF03500383BD0 /* Build configuration list for PBXNativeTarget "BookMigrationTests" */ = {
			isa = XCConfigurationList;
			buildConfigurations = (
				739100F317CBF03500383BD0 /* Debug */,
				739100F417CBF03500383BD0 /* Release */,
			);
			defaultConfigurationIsVisible = 0;
			defaultConfigurationName = Release;
		};
/* End XCConfigurationList section */

/* Begin XCVersionGroup section */
		739100FC17CBF13800383BD0 /* Model.xcdatamodeld */ = {
			isa = XCVersionGroup;
			children = (
				73BFFFDA17D3AB2A0094E0BB /* Model3.xcdatamodel */,
				7391010517CBF42000383BD0 /* Model2.xcdatamodel */,
				739100FD17CBF13800383BD0 /* Model1.xcdatamodel */,
			);
			currentVersion = 73BFFFDA17D3AB2A0094E0BB /* Model3.xcdatamodel */;
			path = Model.xcdatamodeld;
			sourceTree = "<group>";
			versionGroupType = wrapper.xcdatamodel;
		};
/* End XCVersionGroup section */
	};
	rootObject = 739100AC17CBF03500383BD0 /* Project object */;
}
